// !$*UTF8*$!
{
	archiveVersion = 1;
	classes = {
	};
	objectVersion = 45;
	objects = {

/* Begin PBXBuildFile section */
		032681F522CD947900529592 /* RDECocoaGlue_StringUtilities.m in Sources */ = {isa = PBXBuildFile; fileRef = 032681F422CD947900529592 /* RDECocoaGlue_StringUtilities.m */; };
		033001D12335969D00A420C0 /* RDECocoaGlue_NXGraphics.m in Sources */ = {isa = PBXBuildFile; fileRef = 033001D02335969D00A420C0 /* RDECocoaGlue_NXGraphics.m */; };
		033FAA8320E829DE00CC584F /* D_Dbite.snd in Resources */ = {isa = PBXBuildFile; fileRef = 033FAA7C20E829DE00CC584F /* D_Dbite.snd */; };
		033FAA8420E829DE00CC584F /* D_EPain.snd in Resources */ = {isa = PBXBuildFile; fileRef = 033FAA7D20E829DE00CC584F /* D_EPain.snd */; };
		033FAA8620E829DE00CC584F /* DESave.snd in Resources */ = {isa = PBXBuildFile; fileRef = 033FAA7F20E829DE00CC584F /* DESave.snd */; };
		033FAA9D20E82A9500CC584F /* DoomEd.tiff in Resources */ = {isa = PBXBuildFile; fileRef = 033FAA8B20E82A9500CC584F /* DoomEd.tiff */; };
		033FAA9E20E82A9500CC584F /* DoomEdIcon.tiff in Resources */ = {isa = PBXBuildFile; fileRef = 033FAA8C20E82A9500CC584F /* DoomEdIcon.tiff */; };
		033FAAA720E82A9500CC584F /* OldDoomEd.tiff in Resources */ = {isa = PBXBuildFile; fileRef = 033FAA9520E82A9500CC584F /* OldDoomEd.tiff */; };
		033FAB0D20E834C700CC584F /* BlockWorld.m in Sources */ = {isa = PBXBuildFile; fileRef = 033FAADF20E834C700CC584F /* BlockWorld.m */; };
		033FAB0E20E834C700CC584F /* Coordinator.m in Sources */ = {isa = PBXBuildFile; fileRef = 033FAAE020E834C700CC584F /* Coordinator.m */; };
		033FAB1020E834C700CC584F /* DoomProject.m in Sources */ = {isa = PBXBuildFile; fileRef = 033FAAE220E834C700CC584F /* DoomProject.m */; settings = {COMPILER_FLAGS = "-fobjc-arc"; }; };
		033FAB1120E834C700CC584F /* EditWorld.m in Sources */ = {isa = PBXBuildFile; fileRef = 033FAAE320E834C700CC584F /* EditWorld.m */; };
		033FAB1220E834C700CC584F /* EWDoomSave.m in Sources */ = {isa = PBXBuildFile; fileRef = 033FAAE420E834C700CC584F /* EWDoomSave.m */; };
		033FAB1320E834C700CC584F /* EWLoadSave.m in Sources */ = {isa = PBXBuildFile; fileRef = 033FAAE520E834C700CC584F /* EWLoadSave.m */; };
		033FAB1420E834C700CC584F /* FindLine_plaintextformat.m in Sources */ = {isa = PBXBuildFile; fileRef = 033FAAE620E834C700CC584F /* FindLine_plaintextformat.m */; };
		033FAB1620E834C700CC584F /* FlatRemapper.m in Sources */ = {isa = PBXBuildFile; fileRef = 033FAAE820E834C700CC584F /* FlatRemapper.m */; };
		033FAB1720E834C700CC584F /* FlatsView.m in Sources */ = {isa = PBXBuildFile; fileRef = 033FAAE920E834C700CC584F /* FlatsView.m */; };
		033FAB1920E834C700CC584F /* idfunctions.m in Sources */ = {isa = PBXBuildFile; fileRef = 033FAAEB20E834C700CC584F /* idfunctions.m */; };
		033FAB1A20E834C700CC584F /* lbmfunctions.m in Sources */ = {isa = PBXBuildFile; fileRef = 033FAAEC20E834C700CC584F /* lbmfunctions.m */; };
		033FAB1B20E834C700CC584F /* LinePanel.m in Sources */ = {isa = PBXBuildFile; fileRef = 033FAAED20E834C700CC584F /* LinePanel.m */; };
		033FAB1C20E834C700CC584F /* LineSpecialRemapper.m in Sources */ = {isa = PBXBuildFile; fileRef = 033FAAEE20E834C700CC584F /* LineSpecialRemapper.m */; };
		033FAB1D20E834C700CC584F /* MapView.m in Sources */ = {isa = PBXBuildFile; fileRef = 033FAAEF20E834C700CC584F /* MapView.m */; };
		033FAB1E20E834C700CC584F /* MapViewDraw.m in Sources */ = {isa = PBXBuildFile; fileRef = 033FAAF020E834C700CC584F /* MapViewDraw.m */; };
		033FAB1F20E834C700CC584F /* MapViewResp.m in Sources */ = {isa = PBXBuildFile; fileRef = 033FAAF120E834C700CC584F /* MapViewResp.m */; };
		033FAB2020E834C700CC584F /* MapWindow.m in Sources */ = {isa = PBXBuildFile; fileRef = 033FAAF220E834C700CC584F /* MapWindow.m */; };
		033FAB2120E834C700CC584F /* pathops.m in Sources */ = {isa = PBXBuildFile; fileRef = 033FAAF320E834C700CC584F /* pathops.m */; };
		033FAB2220E834C700CC584F /* PopScrollView.m in Sources */ = {isa = PBXBuildFile; fileRef = 033FAAF420E834C700CC584F /* PopScrollView.m */; };
		033FAB2320E834C700CC584F /* PreferencePanel.m in Sources */ = {isa = PBXBuildFile; fileRef = 033FAAF520E834C700CC584F /* PreferencePanel.m */; settings = {COMPILER_FLAGS = "-fobjc-arc"; }; };
		033FAB2420E834C700CC584F /* Remapper.m in Sources */ = {isa = PBXBuildFile; fileRef = 033FAAF620E834C700CC584F /* Remapper.m */; };
		033FAB2520E834C700CC584F /* SectorEditor.m in Sources */ = {isa = PBXBuildFile; fileRef = 033FAAF720E834C700CC584F /* SectorEditor.m */; };
		033FAB2620E834C700CC584F /* SectorEditView.m in Sources */ = {isa = PBXBuildFile; fileRef = 033FAAF820E834C700CC584F /* SectorEditView.m */; };
		033FAB2720E834C700CC584F /* SettingsPanel.m in Sources */ = {isa = PBXBuildFile; fileRef = 033FAAF920E834C700CC584F /* SettingsPanel.m */; };
		033FAB2820E834C700CC584F /* SpecialList.m in Sources */ = {isa = PBXBuildFile; fileRef = 033FAAFA20E834C700CC584F /* SpecialList.m */; };
		033FAB2920E834C700CC584F /* SpecialListWindow.m in Sources */ = {isa = PBXBuildFile; fileRef = 033FAAFB20E834C700CC584F /* SpecialListWindow.m */; };
		033FAB2A20E834C700CC584F /* TextLog.m in Sources */ = {isa = PBXBuildFile; fileRef = 033FAAFC20E834C700CC584F /* TextLog.m */; };
		033FAB2B20E834C700CC584F /* TextureEdit.m in Sources */ = {isa = PBXBuildFile; fileRef = 033FAAFD20E834C700CC584F /* TextureEdit.m */; };
		033FAB2C20E834C700CC584F /* TexturePalette.m in Sources */ = {isa = PBXBuildFile; fileRef = 033FAAFE20E834C700CC584F /* TexturePalette.m */; };
		033FAB2D20E834C700CC584F /* TexturePalView.m in Sources */ = {isa = PBXBuildFile; fileRef = 033FAAFF20E834C700CC584F /* TexturePalView.m */; };
		033FAB2E20E834C700CC584F /* TexturePatchView.m in Sources */ = {isa = PBXBuildFile; fileRef = 033FAB0020E834C700CC584F /* TexturePatchView.m */; };
		033FAB2F20E834C700CC584F /* TextureRemapper.m in Sources */ = {isa = PBXBuildFile; fileRef = 033FAB0120E834C700CC584F /* TextureRemapper.m */; };
		033FAB3020E834C700CC584F /* TextureView.m in Sources */ = {isa = PBXBuildFile; fileRef = 033FAB0220E834C700CC584F /* TextureView.m */; };
		033FAB3120E834C700CC584F /* TextureWindow.m in Sources */ = {isa = PBXBuildFile; fileRef = 033FAB0320E834C700CC584F /* TextureWindow.m */; };
		033FAB3220E834C700CC584F /* ThermoView.m in Sources */ = {isa = PBXBuildFile; fileRef = 033FAB0420E834C700CC584F /* ThermoView.m */; };
		033FAB3320E834C700CC584F /* ThingPalette.m in Sources */ = {isa = PBXBuildFile; fileRef = 033FAB0520E834C700CC584F /* ThingPalette.m */; };
		033FAB3420E834C700CC584F /* ThingPalView.m in Sources */ = {isa = PBXBuildFile; fileRef = 033FAB0620E834C700CC584F /* ThingPalView.m */; };
		033FAB3520E834C700CC584F /* ThingPanel.m in Sources */ = {isa = PBXBuildFile; fileRef = 033FAB0720E834C700CC584F /* ThingPanel.m */; };
		033FAB3620E834C700CC584F /* ThingRemapper.m in Sources */ = {isa = PBXBuildFile; fileRef = 033FAB0820E834C700CC584F /* ThingRemapper.m */; };
		033FAB3720E834C700CC584F /* ThingStripper.m in Sources */ = {isa = PBXBuildFile; fileRef = 033FAB0920E834C700CC584F /* ThingStripper.m */; };
		033FAB3820E834C700CC584F /* ThingWindow.m in Sources */ = {isa = PBXBuildFile; fileRef = 033FAB0A20E834C700CC584F /* ThingWindow.m */; };
		033FAB3920E834C700CC584F /* ToolPanel.m in Sources */ = {isa = PBXBuildFile; fileRef = 033FAB0B20E834C700CC584F /* ToolPanel.m */; };
		033FAB3A20E834C700CC584F /* Wadfile.m in Sources */ = {isa = PBXBuildFile; fileRef = 033FAB0C20E834C700CC584F /* Wadfile.m */; };
		033FAB7320E83CBC00CC584F /* RDECocoaGlue_Application.m in Sources */ = {isa = PBXBuildFile; fileRef = 033FAB4520E83CBC00CC584F /* RDECocoaGlue_Application.m */; };
		033FAB7420E83CBC00CC584F /* RDECocoaGlue_DisplayPostScript.m in Sources */ = {isa = PBXBuildFile; fileRef = 033FAB4920E83CBC00CC584F /* RDECocoaGlue_DisplayPostScript.m */; settings = {COMPILER_FLAGS = "-fobjc-arc"; }; };
		033FAB7520E83CBC00CC584F /* RDECocoaGlue_Form.m in Sources */ = {isa = PBXBuildFile; fileRef = 033FAB4B20E83CBC00CC584F /* RDECocoaGlue_Form.m */; };
		033FAB7620E83CBC00CC584F /* RDECocoaGlue_List.m in Sources */ = {isa = PBXBuildFile; fileRef = 033FAB4E20E83CBC00CC584F /* RDECocoaGlue_List.m */; };
		033FAB7720E83CBC00CC584F /* RDECocoaGlue_Matrix.m in Sources */ = {isa = PBXBuildFile; fileRef = 033FAB5120E83CBC00CC584F /* RDECocoaGlue_Matrix.m */; };
		033FAB7820E83CBC00CC584F /* RDECocoaGlue_Menu.m in Sources */ = {isa = PBXBuildFile; fileRef = 033FAB5320E83CBC00CC584F /* RDECocoaGlue_Menu.m */; };
		033FAB7920E83CBC00CC584F /* RDECocoaGlue_NXBitmapImageRep.m in Sources */ = {isa = PBXBuildFile; fileRef = 033FAB5520E83CBC00CC584F /* RDECocoaGlue_NXBitmapImageRep.m */; };
		033FAB7A20E83CBC00CC584F /* RDECocoaGlue_NXColor.m in Sources */ = {isa = PBXBuildFile; fileRef = 033FAB5720E83CBC00CC584F /* RDECocoaGlue_NXColor.m */; };
		033FAB7B20E83CBC00CC584F /* RDECocoaGlue_NXDefaults.m in Sources */ = {isa = PBXBuildFile; fileRef = 033FAB5920E83CBC00CC584F /* RDECocoaGlue_NXDefaults.m */; settings = {COMPILER_FLAGS = "-fobjc-arc"; }; };
		033FAB7C20E83CBC00CC584F /* RDECocoaGlue_NXImage.m in Sources */ = {isa = PBXBuildFile; fileRef = 033FAB5C20E83CBC00CC584F /* RDECocoaGlue_NXImage.m */; };
		033FAB7D20E83CBC00CC584F /* RDECocoaGlue_NXStream.m in Sources */ = {isa = PBXBuildFile; fileRef = 033FAB5E20E83CBC00CC584F /* RDECocoaGlue_NXStream.m */; };
		033FAB7E20E83CBC00CC584F /* RDECocoaGlue_Object.m in Sources */ = {isa = PBXBuildFile; fileRef = 033FAB6020E83CBC00CC584F /* RDECocoaGlue_Object.m */; };
		033FAB8020E83CBC00CC584F /* RDECocoaGlue_PopUpList.m in Sources */ = {isa = PBXBuildFile; fileRef = 033FAB6520E83CBC00CC584F /* RDECocoaGlue_PopUpList.m */; settings = {COMPILER_FLAGS = "-fobjc-arc"; }; };
		033FAB8120E83CBC00CC584F /* RDECocoaGlue_ScrollView.m in Sources */ = {isa = PBXBuildFile; fileRef = 033FAB6720E83CBC00CC584F /* RDECocoaGlue_ScrollView.m */; };
		033FAB8220E83CBC00CC584F /* RDECocoaGlue_Sound.m in Sources */ = {isa = PBXBuildFile; fileRef = 033FAB6920E83CBC00CC584F /* RDECocoaGlue_Sound.m */; };
		033FAB8320E83CBC00CC584F /* RDECocoaGlue_Storage.m in Sources */ = {isa = PBXBuildFile; fileRef = 033FAB6B20E83CBC00CC584F /* RDECocoaGlue_Storage.m */; };
		033FAB8420E83CBC00CC584F /* RDECocoaGlue_Text.m in Sources */ = {isa = PBXBuildFile; fileRef = 033FAB6D20E83CBC00CC584F /* RDECocoaGlue_Text.m */; };
		033FAB8520E83CBC00CC584F /* RDECocoaGlue_View.m in Sources */ = {isa = PBXBuildFile; fileRef = 033FAB6F20E83CBC00CC584F /* RDECocoaGlue_View.m */; };
		033FAB8620E83CBC00CC584F /* RDECocoaGlue_Window.m in Sources */ = {isa = PBXBuildFile; fileRef = 033FAB7120E83CBC00CC584F /* RDECocoaGlue_Window.m */; settings = {COMPILER_FLAGS = "-fobjc-arc"; }; };
		033FABA220E8513F00CC584F /* main.m in Sources */ = {isa = PBXBuildFile; fileRef = 033FABA120E8513F00CC584F /* main.m */; };
		033FABB820E8551000CC584F /* ReDoomEd_Icon_OSX.icns in Resources */ = {isa = PBXBuildFile; fileRef = 033FABB320E8551000CC584F /* ReDoomEd_Icon_OSX.icns */; };
		034DD84E21EED28F005E2BC0 /* RDEApplication.m in Sources */ = {isa = PBXBuildFile; fileRef = 034DD84D21EED28F005E2BC0 /* RDEApplication.m */; };
		034DD88B21EEDC8E005E2BC0 /* RDEOSXGlue_BrowserTitles.m in Sources */ = {isa = PBXBuildFile; fileRef = 034DD88A21EEDC8E005E2BC0 /* RDEOSXGlue_BrowserTitles.m */; };
		034DD8B321EEE24D005E2BC0 /* RDEOSXGlue_MainMenu.m in Sources */ = {isa = PBXBuildFile; fileRef = 034DD8B221EEE24D005E2BC0 /* RDEOSXGlue_MainMenu.m */; };
		034DD8CD21EEE609005E2BC0 /* RDEOSXGlue_MapWindowRedrawing.m in Sources */ = {isa = PBXBuildFile; fileRef = 034DD8CC21EEE609005E2BC0 /* RDEOSXGlue_MapWindowRedrawing.m */; };
		034DD90021EEF133005E2BC0 /* NSObject_PPUtilities_MethodSwizzling.m in Sources */ = {isa = PBXBuildFile; fileRef = 034DD8F921EEF133005E2BC0 /* NSObject_PPUtilities_MethodSwizzling.m */; };
		034DD90121EEF133005E2BC0 /* NSObject_PPUtilities.m in Sources */ = {isa = PBXBuildFile; fileRef = 034DD8FB21EEF133005E2BC0 /* NSObject_PPUtilities.m */; };
		034DD90221EEF133005E2BC0 /* PPAppBootUtilities.m in Sources */ = {isa = PBXBuildFile; fileRef = 034DD8FD21EEF133005E2BC0 /* PPAppBootUtilities.m */; };
		034DD90321EEF133005E2BC0 /* PPObjCUtilities.m in Sources */ = {isa = PBXBuildFile; fileRef = 034DD8FF21EEF133005E2BC0 /* PPObjCUtilities.m */; };
		034DD91D21EEF2C1005E2BC0 /* RDEOSXGlue_OpenPanelTitles.m in Sources */ = {isa = PBXBuildFile; fileRef = 034DD91C21EEF2C1005E2BC0 /* RDEOSXGlue_OpenPanelTitles.m */; };
		034FEF74231D96EF00B26F36 /* RDEInfoPanel.m in Sources */ = {isa = PBXBuildFile; fileRef = 034FEF73231D96EF00B26F36 /* RDEInfoPanel.m */; };
		035C963020DD6D4A006068BA /* cmdlib.c in Sources */ = {isa = PBXBuildFile; fileRef = 035C962F20DD6D4A006068BA /* cmdlib.c */; };
		035C963A20DD6D7F006068BA /* buildbsp.m in Sources */ = {isa = PBXBuildFile; fileRef = 035C963120DD6D7F006068BA /* buildbsp.m */; };
		035C963B20DD6D7F006068BA /* doombsp.m in Sources */ = {isa = PBXBuildFile; fileRef = 035C963220DD6D7F006068BA /* doombsp.m */; };
		035C963C20DD6D7F006068BA /* doomload.m in Sources */ = {isa = PBXBuildFile; fileRef = 035C963320DD6D7F006068BA /* doomload.m */; };
		035C963D20DD6D7F006068BA /* drawing.m in Sources */ = {isa = PBXBuildFile; fileRef = 035C963420DD6D7F006068BA /* drawing.m */; settings = {COMPILER_FLAGS = "-fobjc-arc"; }; };
		035C963E20DD6D7F006068BA /* saveblocks.m in Sources */ = {isa = PBXBuildFile; fileRef = 035C963520DD6D7F006068BA /* saveblocks.m */; };
		035C963F20DD6D7F006068BA /* savebsp.m in Sources */ = {isa = PBXBuildFile; fileRef = 035C963620DD6D7F006068BA /* savebsp.m */; };
		035C964020DD6D7F006068BA /* saveconnect.m in Sources */ = {isa = PBXBuildFile; fileRef = 035C963720DD6D7F006068BA /* saveconnect.m */; };
		035C964120DD6D7F006068BA /* savesectors.m in Sources */ = {isa = PBXBuildFile; fileRef = 035C963820DD6D7F006068BA /* savesectors.m */; };
		037C84322213BE2D00D8929B /* RDEOSXGlue_ButtonImageAlignment.m in Sources */ = {isa = PBXBuildFile; fileRef = 037C84312213BE2D00D8929B /* RDEOSXGlue_ButtonImageAlignment.m */; };
		0382390622B2D47C0035E7CB /* RDECocoaGlue_PanelUtilities.m in Sources */ = {isa = PBXBuildFile; fileRef = 0382390522B2D47C0035E7CB /* RDECocoaGlue_PanelUtilities.m */; };
		03DC35D91FA1D04900DB9A7A /* SpecialList_Cocoa.xib in Resources */ = {isa = PBXBuildFile; fileRef = 03DC35B51FA1D04800DB9A7A /* SpecialList_Cocoa.xib */; };
		03DC35DA1FA1D04900DB9A7A /* thing_Cocoa.xib in Resources */ = {isa = PBXBuildFile; fileRef = 03DC35B71FA1D04800DB9A7A /* thing_Cocoa.xib */; };
		03DC35DB1FA1D04900DB9A7A /* line_Cocoa.xib in Resources */ = {isa = PBXBuildFile; fileRef = 03DC35B91FA1D04800DB9A7A /* line_Cocoa.xib */; };
		03DC35DC1FA1D04900DB9A7A /* TexturePalette_Cocoa.xib in Resources */ = {isa = PBXBuildFile; fileRef = 03DC35BB1FA1D04800DB9A7A /* TexturePalette_Cocoa.xib */; };
		03DC35DD1FA1D04900DB9A7A /* ThingStripper_Cocoa.xib in Resources */ = {isa = PBXBuildFile; fileRef = 03DC35BD1FA1D04800DB9A7A /* ThingStripper_Cocoa.xib */; };
		03DC35DF1FA1D04900DB9A7A /* ThingPalette_Cocoa.xib in Resources */ = {isa = PBXBuildFile; fileRef = 03DC35C11FA1D04800DB9A7A /* ThingPalette_Cocoa.xib */; };
		03DC35E01FA1D04900DB9A7A /* Remapper_Cocoa.xib in Resources */ = {isa = PBXBuildFile; fileRef = 03DC35C31FA1D04800DB9A7A /* Remapper_Cocoa.xib */; };
		03DC35E11FA1D04900DB9A7A /* FindLine_Cocoa.xib in Resources */ = {isa = PBXBuildFile; fileRef = 03DC35C51FA1D04800DB9A7A /* FindLine_Cocoa.xib */; };
		03DC35E31FA1D04900DB9A7A /* Project_Cocoa.xib in Resources */ = {isa = PBXBuildFile; fileRef = 03DC35C91FA1D04800DB9A7A /* Project_Cocoa.xib */; };
		03DC35E41FA1D04900DB9A7A /* preferences_Cocoa.xib in Resources */ = {isa = PBXBuildFile; fileRef = 03DC35CB1FA1D04800DB9A7A /* preferences_Cocoa.xib */; };
		03DC35E51FA1D04900DB9A7A /* DoomEd_Cocoa.xib in Resources */ = {isa = PBXBuildFile; fileRef = 03DC35CD1FA1D04800DB9A7A /* DoomEd_Cocoa.xib */; };
		03DC35E61FA1D04900DB9A7A /* SectorEditor_Cocoa.xib in Resources */ = {isa = PBXBuildFile; fileRef = 03DC35CF1FA1D04800DB9A7A /* SectorEditor_Cocoa.xib */; };
		03DC35E71FA1D04900DB9A7A /* TextLog_Cocoa.xib in Resources */ = {isa = PBXBuildFile; fileRef = 03DC35D11FA1D04900DB9A7A /* TextLog_Cocoa.xib */; };
		03DC35E81FA1D04900DB9A7A /* TextureEdit_Cocoa.xib in Resources */ = {isa = PBXBuildFile; fileRef = 03DC35D31FA1D04900DB9A7A /* TextureEdit_Cocoa.xib */; };
		03ECDA7321CDD4CC00DBACCB /* RDECocoaGlue_NXAlertPanel.m in Sources */ = {isa = PBXBuildFile; fileRef = 03ECDA7221CDD4CC00DBACCB /* RDECocoaGlue_NXAlertPanel.m */; };
		03F6BDAE231441DE00045261 /* PPSRGBUtilities.m in Sources */ = {isa = PBXBuildFile; fileRef = 03F6BDAD231441DE00045261 /* PPSRGBUtilities.m */; };
		03F6BDCB231445E700045261 /* RDEMapExport.m in Sources */ = {isa = PBXBuildFile; fileRef = 03F6BDCA231445E700045261 /* RDEMapExport.m */; settings = {COMPILER_FLAGS = "-fobjc-arc"; }; };
		552BAD0323CB935D00B3B658 /* Media.xcassets in Resources */ = {isa = PBXBuildFile; fileRef = 552BAD0223CB935D00B3B658 /* Media.xcassets */; };
		55BAD36323ED5C1600DBE673 /* PreferencePanelSwift.swift in Sources */ = {isa = PBXBuildFile; fileRef = 55BAD36223ED5C1600DBE673 /* PreferencePanelSwift.swift */; };
		55C41DC323F08767000FB967 /* Localizable.strings in Resources */ = {isa = PBXBuildFile; fileRef = 55C41DC523F08767000FB967 /* Localizable.strings */; };
		55D83B4D23F0EE7900E4E5B6 /* RDEPatchDivider.m in Sources */ = {isa = PBXBuildFile; fileRef = 55D83B4C23F0EE7900E4E5B6 /* RDEPatchDivider.m */; settings = {COMPILER_FLAGS = "-fobjc-arc"; }; };
		55DC531323F765A80065FADA /* doomprint.m in Sources */ = {isa = PBXBuildFile; fileRef = 55DC531123F765A80065FADA /* doomprint.m */; };
		8D11072F0486CEB800E47090 /* Cocoa.framework in Frameworks */ = {isa = PBXBuildFile; fileRef = 1058C7A1FEA54F0111CA2CBB /* Cocoa.framework */; };
/* End PBXBuildFile section */

/* Begin PBXFileReference section */
		032681F322CD947900529592 /* RDECocoaGlue_StringUtilities.h */ = {isa = PBXFileReference; fileEncoding = 4; lastKnownFileType = sourcecode.c.h; path = RDECocoaGlue_StringUtilities.h; sourceTree = "<group>"; };
		032681F422CD947900529592 /* RDECocoaGlue_StringUtilities.m */ = {isa = PBXFileReference; fileEncoding = 4; lastKnownFileType = sourcecode.c.objc; path = RDECocoaGlue_StringUtilities.m; sourceTree = "<group>"; };
		0326E017219C9A0600296897 /* RDEXCConfig_10.5sdk.xcconfig */ = {isa = PBXFileReference; fileEncoding = 4; lastKnownFileType = text.xcconfig; path = RDEXCConfig_10.5sdk.xcconfig; sourceTree = "<group>"; };
		0326E018219C9A0600296897 /* RDEXCConfig_10.14sdk.xcconfig */ = {isa = PBXFileReference; fileEncoding = 4; lastKnownFileType = text.xcconfig; path = RDEXCConfig_10.14sdk.xcconfig; sourceTree = "<group>"; };
		0326E019219C9A0600296897 /* RDEXCConfigCheck.h */ = {isa = PBXFileReference; fileEncoding = 4; lastKnownFileType = sourcecode.c.h; path = RDEXCConfigCheck.h; sourceTree = "<group>"; };
		0326E01F219C9ADF00296897 /* RDEBuildEnvironmentMacros.h */ = {isa = PBXFileReference; fileEncoding = 4; lastKnownFileType = sourcecode.c.h; path = RDEBuildEnvironmentMacros.h; sourceTree = "<group>"; };
		033001B9233592CF00A420C0 /* RDECocoaGlue_NXGraphics.h */ = {isa = PBXFileReference; fileEncoding = 4; lastKnownFileType = sourcecode.c.h; path = RDECocoaGlue_NXGraphics.h; sourceTree = "<group>"; };
		033001D02335969D00A420C0 /* RDECocoaGlue_NXGraphics.m */ = {isa = PBXFileReference; fileEncoding = 4; lastKnownFileType = sourcecode.c.objc; path = RDECocoaGlue_NXGraphics.m; sourceTree = "<group>"; };
		033FAA7C20E829DE00CC584F /* D_Dbite.snd */ = {isa = PBXFileReference; lastKnownFileType = file; name = D_Dbite.snd; path = DoomEd/D_Dbite.snd; sourceTree = "<group>"; };
		033FAA7D20E829DE00CC584F /* D_EPain.snd */ = {isa = PBXFileReference; lastKnownFileType = file; name = D_EPain.snd; path = DoomEd/D_EPain.snd; sourceTree = "<group>"; };
		033FAA7F20E829DE00CC584F /* DESave.snd */ = {isa = PBXFileReference; lastKnownFileType = file; name = DESave.snd; path = DoomEd/DESave.snd; sourceTree = "<group>"; };
		033FAA8A20E82A9500CC584F /* Delete.tiff */ = {isa = PBXFileReference; lastKnownFileType = image.tiff; path = Delete.tiff; sourceTree = "<group>"; };
		033FAA8B20E82A9500CC584F /* DoomEd.tiff */ = {isa = PBXFileReference; lastKnownFileType = image.tiff; path = DoomEd.tiff; sourceTree = "<group>"; };
		033FAA8C20E82A9500CC584F /* DoomEdIcon.tiff */ = {isa = PBXFileReference; lastKnownFileType = image.tiff; path = DoomEdIcon.tiff; sourceTree = "<group>"; };
		033FAA8D20E82A9500CC584F /* DoomEdMap.tiff */ = {isa = PBXFileReference; lastKnownFileType = image.tiff; path = DoomEdMap.tiff; sourceTree = "<group>"; };
		033FAA8E20E82A9500CC584F /* DoomEdWorld.tiff */ = {isa = PBXFileReference; lastKnownFileType = image.tiff; path = DoomEdWorld.tiff; sourceTree = "<group>"; };
		033FAA9020E82A9500CC584F /* Find.tiff */ = {isa = PBXFileReference; lastKnownFileType = image.tiff; path = Find.tiff; sourceTree = "<group>"; };
		033FAA9120E82A9500CC584F /* johnc.tiff */ = {isa = PBXFileReference; lastKnownFileType = image.tiff; path = johnc.tiff; sourceTree = "<group>"; };
		033FAA9320E82A9500CC584F /* Me1.tiff */ = {isa = PBXFileReference; lastKnownFileType = image.tiff; path = Me1.tiff; sourceTree = "<group>"; };
		033FAA9420E82A9500CC584F /* Me2.tiff */ = {isa = PBXFileReference; lastKnownFileType = image.tiff; path = Me2.tiff; sourceTree = "<group>"; };
		033FAA9520E82A9500CC584F /* OldDoomEd.tiff */ = {isa = PBXFileReference; lastKnownFileType = image.tiff; path = OldDoomEd.tiff; sourceTree = "<group>"; };
		033FAA9620E82A9500CC584F /* Recycle.tiff */ = {isa = PBXFileReference; lastKnownFileType = image.tiff; path = Recycle.tiff; sourceTree = "<group>"; };
		033FAA9820E82A9500CC584F /* SmallDemon.tiff */ = {isa = PBXFileReference; lastKnownFileType = image.tiff; path = SmallDemon.tiff; sourceTree = "<group>"; };
		033FAA9A20E82A9500CC584F /* WarningLight1.tiff */ = {isa = PBXFileReference; lastKnownFileType = image.tiff; path = WarningLight1.tiff; sourceTree = "<group>"; };
		033FAA9B20E82A9500CC584F /* WarningLight2.tiff */ = {isa = PBXFileReference; lastKnownFileType = image.tiff; path = WarningLight2.tiff; sourceTree = "<group>"; };
		033FAAAE20E82BA600CC584F /* BlockWorld.h */ = {isa = PBXFileReference; fileEncoding = 4; lastKnownFileType = sourcecode.c.h; path = BlockWorld.h; sourceTree = "<group>"; };
		033FAAAF20E82BB100CC584F /* Coordinator.h */ = {isa = PBXFileReference; fileEncoding = 4; lastKnownFileType = sourcecode.c.h; path = Coordinator.h; sourceTree = "<group>"; };
		033FAAB020E82BC300CC584F /* DoomProject.h */ = {isa = PBXFileReference; fileEncoding = 4; lastKnownFileType = sourcecode.c.h; path = DoomProject.h; sourceTree = "<group>"; };
		033FAAB120E82BC300CC584F /* EditWorld.h */ = {isa = PBXFileReference; fileEncoding = 4; lastKnownFileType = sourcecode.c.h; path = EditWorld.h; sourceTree = "<group>"; };
		033FAAB220E82BC300CC584F /* FindLine.h */ = {isa = PBXFileReference; fileEncoding = 4; lastKnownFileType = sourcecode.c.h; path = FindLine.h; sourceTree = "<group>"; };
		033FAAB320E82BC300CC584F /* FlatRemapper.h */ = {isa = PBXFileReference; fileEncoding = 4; lastKnownFileType = sourcecode.c.h; path = FlatRemapper.h; sourceTree = "<group>"; };
		033FAAB420E82BC300CC584F /* FlatsView.h */ = {isa = PBXFileReference; fileEncoding = 4; lastKnownFileType = sourcecode.c.h; path = FlatsView.h; sourceTree = "<group>"; };
		033FAAB620E82BC300CC584F /* idfunctions.h */ = {isa = PBXFileReference; fileEncoding = 4; lastKnownFileType = sourcecode.c.h; path = idfunctions.h; sourceTree = "<group>"; };
		033FAAB720E82BC300CC584F /* lbmfunctions.h */ = {isa = PBXFileReference; fileEncoding = 4; lastKnownFileType = sourcecode.c.h; path = lbmfunctions.h; sourceTree = "<group>"; };
		033FAAB820E82BC300CC584F /* LinePanel.h */ = {isa = PBXFileReference; fileEncoding = 4; lastKnownFileType = sourcecode.c.h; path = LinePanel.h; sourceTree = "<group>"; };
		033FAAB920E82BC300CC584F /* LineSpecialRemapper.h */ = {isa = PBXFileReference; fileEncoding = 4; lastKnownFileType = sourcecode.c.h; path = LineSpecialRemapper.h; sourceTree = "<group>"; };
		033FAABA20E82BC300CC584F /* MapView.h */ = {isa = PBXFileReference; fileEncoding = 4; lastKnownFileType = sourcecode.c.h; path = MapView.h; sourceTree = "<group>"; };
		033FAABB20E82BC300CC584F /* MapViewDraw.h */ = {isa = PBXFileReference; fileEncoding = 4; lastKnownFileType = sourcecode.c.h; path = MapViewDraw.h; sourceTree = "<group>"; };
		033FAABC20E82BC300CC584F /* MapViewResp.h */ = {isa = PBXFileReference; fileEncoding = 4; lastKnownFileType = sourcecode.c.h; path = MapViewResp.h; sourceTree = "<group>"; };
		033FAABD20E82BC300CC584F /* MapWindow.h */ = {isa = PBXFileReference; fileEncoding = 4; lastKnownFileType = sourcecode.c.h; path = MapWindow.h; sourceTree = "<group>"; };
		033FAABE20E82BC300CC584F /* pathops.h */ = {isa = PBXFileReference; fileEncoding = 4; lastKnownFileType = sourcecode.c.h; path = pathops.h; sourceTree = "<group>"; };
		033FAABF20E82BC300CC584F /* PopScrollView.h */ = {isa = PBXFileReference; fileEncoding = 4; lastKnownFileType = sourcecode.c.h; path = PopScrollView.h; sourceTree = "<group>"; };
		033FAAC020E82BC300CC584F /* PreferencePanel.h */ = {isa = PBXFileReference; fileEncoding = 4; lastKnownFileType = sourcecode.c.h; path = PreferencePanel.h; sourceTree = "<group>"; };
		033FAAC120E82BC300CC584F /* R_mapdef.h */ = {isa = PBXFileReference; fileEncoding = 4; lastKnownFileType = sourcecode.c.h; path = R_mapdef.h; sourceTree = "<group>"; };
		033FAAC220E82BC300CC584F /* Remapper.h */ = {isa = PBXFileReference; fileEncoding = 4; lastKnownFileType = sourcecode.c.h; path = Remapper.h; sourceTree = "<group>"; };
		033FAAC320E82BC300CC584F /* SectorEditor.h */ = {isa = PBXFileReference; fileEncoding = 4; lastKnownFileType = sourcecode.c.h; path = SectorEditor.h; sourceTree = "<group>"; };
		033FAAC420E82BC300CC584F /* SectorEditView.h */ = {isa = PBXFileReference; fileEncoding = 4; lastKnownFileType = sourcecode.c.h; path = SectorEditView.h; sourceTree = "<group>"; };
		033FAAC520E82BC300CC584F /* SettingsPanel.h */ = {isa = PBXFileReference; fileEncoding = 4; lastKnownFileType = sourcecode.c.h; path = SettingsPanel.h; sourceTree = "<group>"; };
		033FAAC620E82BC300CC584F /* SpecialList.h */ = {isa = PBXFileReference; fileEncoding = 4; lastKnownFileType = sourcecode.c.h; path = SpecialList.h; sourceTree = "<group>"; };
		033FAAC720E82BC300CC584F /* SpecialListWindow.h */ = {isa = PBXFileReference; fileEncoding = 4; lastKnownFileType = sourcecode.c.h; path = SpecialListWindow.h; sourceTree = "<group>"; };
		033FAAC820E82BC300CC584F /* TextLog.h */ = {isa = PBXFileReference; fileEncoding = 4; lastKnownFileType = sourcecode.c.h; path = TextLog.h; sourceTree = "<group>"; };
		033FAAC920E82BC300CC584F /* TextureEdit.h */ = {isa = PBXFileReference; fileEncoding = 4; lastKnownFileType = sourcecode.c.h; path = TextureEdit.h; sourceTree = "<group>"; };
		033FAACA20E82BC300CC584F /* TexturePalette.h */ = {isa = PBXFileReference; fileEncoding = 4; lastKnownFileType = sourcecode.c.h; path = TexturePalette.h; sourceTree = "<group>"; };
		033FAACB20E82BC300CC584F /* TexturePalView.h */ = {isa = PBXFileReference; fileEncoding = 4; lastKnownFileType = sourcecode.c.h; path = TexturePalView.h; sourceTree = "<group>"; };
		033FAACC20E82BC300CC584F /* TexturePatchView.h */ = {isa = PBXFileReference; fileEncoding = 4; lastKnownFileType = sourcecode.c.h; path = TexturePatchView.h; sourceTree = "<group>"; };
		033FAACD20E82BC300CC584F /* TextureRemapper.h */ = {isa = PBXFileReference; fileEncoding = 4; lastKnownFileType = sourcecode.c.h; path = TextureRemapper.h; sourceTree = "<group>"; };
		033FAACE20E82BC300CC584F /* TextureView.h */ = {isa = PBXFileReference; fileEncoding = 4; lastKnownFileType = sourcecode.c.h; path = TextureView.h; sourceTree = "<group>"; };
		033FAACF20E82BC300CC584F /* TextureWindow.h */ = {isa = PBXFileReference; fileEncoding = 4; lastKnownFileType = sourcecode.c.h; path = TextureWindow.h; sourceTree = "<group>"; };
		033FAAD020E82BC300CC584F /* ThermoView.h */ = {isa = PBXFileReference; fileEncoding = 4; lastKnownFileType = sourcecode.c.h; path = ThermoView.h; sourceTree = "<group>"; };
		033FAAD120E82BC300CC584F /* ThingPalette.h */ = {isa = PBXFileReference; fileEncoding = 4; lastKnownFileType = sourcecode.c.h; path = ThingPalette.h; sourceTree = "<group>"; };
		033FAAD220E82BC300CC584F /* ThingPalView.h */ = {isa = PBXFileReference; fileEncoding = 4; lastKnownFileType = sourcecode.c.h; path = ThingPalView.h; sourceTree = "<group>"; };
		033FAAD320E82BC300CC584F /* ThingPanel.h */ = {isa = PBXFileReference; fileEncoding = 4; lastKnownFileType = sourcecode.c.h; path = ThingPanel.h; sourceTree = "<group>"; };
		033FAAD420E82BC300CC584F /* ThingRemapper.h */ = {isa = PBXFileReference; fileEncoding = 4; lastKnownFileType = sourcecode.c.h; path = ThingRemapper.h; sourceTree = "<group>"; };
		033FAAD520E82BC300CC584F /* ThingStripper.h */ = {isa = PBXFileReference; fileEncoding = 4; lastKnownFileType = sourcecode.c.h; path = ThingStripper.h; sourceTree = "<group>"; };
		033FAAD620E82BC300CC584F /* ThingWindow.h */ = {isa = PBXFileReference; fileEncoding = 4; lastKnownFileType = sourcecode.c.h; path = ThingWindow.h; sourceTree = "<group>"; };
		033FAAD820E82BC300CC584F /* ToolPanel.h */ = {isa = PBXFileReference; fileEncoding = 4; lastKnownFileType = sourcecode.c.h; path = ToolPanel.h; sourceTree = "<group>"; };
		033FAAD920E82BC300CC584F /* Wadfile.h */ = {isa = PBXFileReference; fileEncoding = 4; lastKnownFileType = sourcecode.c.h; path = Wadfile.h; sourceTree = "<group>"; };
		033FAADF20E834C700CC584F /* BlockWorld.m */ = {isa = PBXFileReference; fileEncoding = 4; lastKnownFileType = sourcecode.c.objc; path = BlockWorld.m; sourceTree = "<group>"; };
		033FAAE020E834C700CC584F /* Coordinator.m */ = {isa = PBXFileReference; fileEncoding = 4; lastKnownFileType = sourcecode.c.objc; path = Coordinator.m; sourceTree = "<group>"; };
		033FAAE220E834C700CC584F /* DoomProject.m */ = {isa = PBXFileReference; fileEncoding = 4; lastKnownFileType = sourcecode.c.objc; path = DoomProject.m; sourceTree = "<group>"; };
		033FAAE320E834C700CC584F /* EditWorld.m */ = {isa = PBXFileReference; fileEncoding = 4; lastKnownFileType = sourcecode.c.objc; path = EditWorld.m; sourceTree = "<group>"; };
		033FAAE420E834C700CC584F /* EWDoomSave.m */ = {isa = PBXFileReference; fileEncoding = 4; lastKnownFileType = sourcecode.c.objc; path = EWDoomSave.m; sourceTree = "<group>"; };
		033FAAE520E834C700CC584F /* EWLoadSave.m */ = {isa = PBXFileReference; fileEncoding = 4; lastKnownFileType = sourcecode.c.objc; path = EWLoadSave.m; sourceTree = "<group>"; };
		033FAAE620E834C700CC584F /* FindLine_plaintextformat.m */ = {isa = PBXFileReference; fileEncoding = 4; lastKnownFileType = sourcecode.c.objc; path = FindLine_plaintextformat.m; sourceTree = "<group>"; };
		033FAAE820E834C700CC584F /* FlatRemapper.m */ = {isa = PBXFileReference; fileEncoding = 4; lastKnownFileType = sourcecode.c.objc; path = FlatRemapper.m; sourceTree = "<group>"; };
		033FAAE920E834C700CC584F /* FlatsView.m */ = {isa = PBXFileReference; fileEncoding = 4; lastKnownFileType = sourcecode.c.objc; path = FlatsView.m; sourceTree = "<group>"; };
		033FAAEB20E834C700CC584F /* idfunctions.m */ = {isa = PBXFileReference; fileEncoding = 4; lastKnownFileType = sourcecode.c.objc; path = idfunctions.m; sourceTree = "<group>"; };
		033FAAEC20E834C700CC584F /* lbmfunctions.m */ = {isa = PBXFileReference; fileEncoding = 4; lastKnownFileType = sourcecode.c.objc; path = lbmfunctions.m; sourceTree = "<group>"; };
		033FAAED20E834C700CC584F /* LinePanel.m */ = {isa = PBXFileReference; fileEncoding = 4; lastKnownFileType = sourcecode.c.objc; path = LinePanel.m; sourceTree = "<group>"; };
		033FAAEE20E834C700CC584F /* LineSpecialRemapper.m */ = {isa = PBXFileReference; fileEncoding = 4; lastKnownFileType = sourcecode.c.objc; path = LineSpecialRemapper.m; sourceTree = "<group>"; };
		033FAAEF20E834C700CC584F /* MapView.m */ = {isa = PBXFileReference; fileEncoding = 4; lastKnownFileType = sourcecode.c.objc; path = MapView.m; sourceTree = "<group>"; };
		033FAAF020E834C700CC584F /* MapViewDraw.m */ = {isa = PBXFileReference; fileEncoding = 4; lastKnownFileType = sourcecode.c.objc; path = MapViewDraw.m; sourceTree = "<group>"; };
		033FAAF120E834C700CC584F /* MapViewResp.m */ = {isa = PBXFileReference; fileEncoding = 4; lastKnownFileType = sourcecode.c.objc; path = MapViewResp.m; sourceTree = "<group>"; };
		033FAAF220E834C700CC584F /* MapWindow.m */ = {isa = PBXFileReference; fileEncoding = 4; lastKnownFileType = sourcecode.c.objc; path = MapWindow.m; sourceTree = "<group>"; };
		033FAAF320E834C700CC584F /* pathops.m */ = {isa = PBXFileReference; fileEncoding = 4; lastKnownFileType = sourcecode.c.objc; path = pathops.m; sourceTree = "<group>"; };
		033FAAF420E834C700CC584F /* PopScrollView.m */ = {isa = PBXFileReference; fileEncoding = 4; lastKnownFileType = sourcecode.c.objc; path = PopScrollView.m; sourceTree = "<group>"; };
		033FAAF520E834C700CC584F /* PreferencePanel.m */ = {isa = PBXFileReference; fileEncoding = 4; lastKnownFileType = sourcecode.c.objc; path = PreferencePanel.m; sourceTree = "<group>"; };
		033FAAF620E834C700CC584F /* Remapper.m */ = {isa = PBXFileReference; fileEncoding = 4; lastKnownFileType = sourcecode.c.objc; path = Remapper.m; sourceTree = "<group>"; };
		033FAAF720E834C700CC584F /* SectorEditor.m */ = {isa = PBXFileReference; fileEncoding = 4; lastKnownFileType = sourcecode.c.objc; path = SectorEditor.m; sourceTree = "<group>"; };
		033FAAF820E834C700CC584F /* SectorEditView.m */ = {isa = PBXFileReference; fileEncoding = 4; lastKnownFileType = sourcecode.c.objc; path = SectorEditView.m; sourceTree = "<group>"; };
		033FAAF920E834C700CC584F /* SettingsPanel.m */ = {isa = PBXFileReference; fileEncoding = 4; lastKnownFileType = sourcecode.c.objc; path = SettingsPanel.m; sourceTree = "<group>"; };
		033FAAFA20E834C700CC584F /* SpecialList.m */ = {isa = PBXFileReference; fileEncoding = 4; lastKnownFileType = sourcecode.c.objc; path = SpecialList.m; sourceTree = "<group>"; };
		033FAAFB20E834C700CC584F /* SpecialListWindow.m */ = {isa = PBXFileReference; fileEncoding = 4; lastKnownFileType = sourcecode.c.objc; path = SpecialListWindow.m; sourceTree = "<group>"; };
		033FAAFC20E834C700CC584F /* TextLog.m */ = {isa = PBXFileReference; fileEncoding = 4; lastKnownFileType = sourcecode.c.objc; path = TextLog.m; sourceTree = "<group>"; };
		033FAAFD20E834C700CC584F /* TextureEdit.m */ = {isa = PBXFileReference; fileEncoding = 4; lastKnownFileType = sourcecode.c.objc; path = TextureEdit.m; sourceTree = "<group>"; };
		033FAAFE20E834C700CC584F /* TexturePalette.m */ = {isa = PBXFileReference; fileEncoding = 4; lastKnownFileType = sourcecode.c.objc; path = TexturePalette.m; sourceTree = "<group>"; };
		033FAAFF20E834C700CC584F /* TexturePalView.m */ = {isa = PBXFileReference; fileEncoding = 4; lastKnownFileType = sourcecode.c.objc; path = TexturePalView.m; sourceTree = "<group>"; };
		033FAB0020E834C700CC584F /* TexturePatchView.m */ = {isa = PBXFileReference; fileEncoding = 4; lastKnownFileType = sourcecode.c.objc; path = TexturePatchView.m; sourceTree = "<group>"; };
		033FAB0120E834C700CC584F /* TextureRemapper.m */ = {isa = PBXFileReference; fileEncoding = 4; lastKnownFileType = sourcecode.c.objc; path = TextureRemapper.m; sourceTree = "<group>"; };
		033FAB0220E834C700CC584F /* TextureView.m */ = {isa = PBXFileReference; fileEncoding = 4; lastKnownFileType = sourcecode.c.objc; path = TextureView.m; sourceTree = "<group>"; };
		033FAB0320E834C700CC584F /* TextureWindow.m */ = {isa = PBXFileReference; fileEncoding = 4; lastKnownFileType = sourcecode.c.objc; path = TextureWindow.m; sourceTree = "<group>"; };
		033FAB0420E834C700CC584F /* ThermoView.m */ = {isa = PBXFileReference; fileEncoding = 4; lastKnownFileType = sourcecode.c.objc; path = ThermoView.m; sourceTree = "<group>"; };
		033FAB0520E834C700CC584F /* ThingPalette.m */ = {isa = PBXFileReference; fileEncoding = 4; lastKnownFileType = sourcecode.c.objc; path = ThingPalette.m; sourceTree = "<group>"; };
		033FAB0620E834C700CC584F /* ThingPalView.m */ = {isa = PBXFileReference; fileEncoding = 4; lastKnownFileType = sourcecode.c.objc; path = ThingPalView.m; sourceTree = "<group>"; };
		033FAB0720E834C700CC584F /* ThingPanel.m */ = {isa = PBXFileReference; fileEncoding = 4; lastKnownFileType = sourcecode.c.objc; path = ThingPanel.m; sourceTree = "<group>"; };
		033FAB0820E834C700CC584F /* ThingRemapper.m */ = {isa = PBXFileReference; fileEncoding = 4; lastKnownFileType = sourcecode.c.objc; path = ThingRemapper.m; sourceTree = "<group>"; };
		033FAB0920E834C700CC584F /* ThingStripper.m */ = {isa = PBXFileReference; fileEncoding = 4; lastKnownFileType = sourcecode.c.objc; path = ThingStripper.m; sourceTree = "<group>"; };
		033FAB0A20E834C700CC584F /* ThingWindow.m */ = {isa = PBXFileReference; fileEncoding = 4; lastKnownFileType = sourcecode.c.objc; path = ThingWindow.m; sourceTree = "<group>"; };
		033FAB0B20E834C700CC584F /* ToolPanel.m */ = {isa = PBXFileReference; fileEncoding = 4; lastKnownFileType = sourcecode.c.objc; path = ToolPanel.m; sourceTree = "<group>"; };
		033FAB0C20E834C700CC584F /* Wadfile.m */ = {isa = PBXFileReference; fileEncoding = 4; lastKnownFileType = sourcecode.c.objc; path = Wadfile.m; sourceTree = "<group>"; };
		033FAB4420E83CBC00CC584F /* RDECocoaGlue_Application.h */ = {isa = PBXFileReference; fileEncoding = 4; lastKnownFileType = sourcecode.c.h; path = RDECocoaGlue_Application.h; sourceTree = "<group>"; };
		033FAB4520E83CBC00CC584F /* RDECocoaGlue_Application.m */ = {isa = PBXFileReference; fileEncoding = 4; lastKnownFileType = sourcecode.c.objc; path = RDECocoaGlue_Application.m; sourceTree = "<group>"; };
		033FAB4620E83CBC00CC584F /* RDECocoaGlue_Classnames.h */ = {isa = PBXFileReference; fileEncoding = 4; lastKnownFileType = sourcecode.c.h; path = RDECocoaGlue_Classnames.h; sourceTree = "<group>"; };
		033FAB4720E83CBC00CC584F /* RDECocoaGlue_Constants.h */ = {isa = PBXFileReference; fileEncoding = 4; lastKnownFileType = sourcecode.c.h; path = RDECocoaGlue_Constants.h; sourceTree = "<group>"; };
		033FAB4820E83CBC00CC584F /* RDECocoaGlue_DisplayPostScript.h */ = {isa = PBXFileReference; fileEncoding = 4; lastKnownFileType = sourcecode.c.h; path = RDECocoaGlue_DisplayPostScript.h; sourceTree = "<group>"; };
		033FAB4920E83CBC00CC584F /* RDECocoaGlue_DisplayPostScript.m */ = {isa = PBXFileReference; fileEncoding = 4; lastKnownFileType = sourcecode.c.objc; path = RDECocoaGlue_DisplayPostScript.m; sourceTree = "<group>"; };
		033FAB4A20E83CBC00CC584F /* RDECocoaGlue_Form.h */ = {isa = PBXFileReference; fileEncoding = 4; lastKnownFileType = sourcecode.c.h; path = RDECocoaGlue_Form.h; sourceTree = "<group>"; };
		033FAB4B20E83CBC00CC584F /* RDECocoaGlue_Form.m */ = {isa = PBXFileReference; fileEncoding = 4; lastKnownFileType = sourcecode.c.objc; path = RDECocoaGlue_Form.m; sourceTree = "<group>"; };
		033FAB4C20E83CBC00CC584F /* RDECocoaGlue_Functions.h */ = {isa = PBXFileReference; fileEncoding = 4; lastKnownFileType = sourcecode.c.h; path = RDECocoaGlue_Functions.h; sourceTree = "<group>"; };
		033FAB4D20E83CBC00CC584F /* RDECocoaGlue_List.h */ = {isa = PBXFileReference; fileEncoding = 4; lastKnownFileType = sourcecode.c.h; path = RDECocoaGlue_List.h; sourceTree = "<group>"; };
		033FAB4E20E83CBC00CC584F /* RDECocoaGlue_List.m */ = {isa = PBXFileReference; fileEncoding = 4; lastKnownFileType = sourcecode.c.objc; path = RDECocoaGlue_List.m; sourceTree = "<group>"; };
		033FAB4F20E83CBC00CC584F /* RDECocoaGlue_Macros.h */ = {isa = PBXFileReference; fileEncoding = 4; lastKnownFileType = sourcecode.c.h; path = RDECocoaGlue_Macros.h; sourceTree = "<group>"; };
		033FAB5020E83CBC00CC584F /* RDECocoaGlue_Matrix.h */ = {isa = PBXFileReference; fileEncoding = 4; lastKnownFileType = sourcecode.c.h; path = RDECocoaGlue_Matrix.h; sourceTree = "<group>"; };
		033FAB5120E83CBC00CC584F /* RDECocoaGlue_Matrix.m */ = {isa = PBXFileReference; fileEncoding = 4; lastKnownFileType = sourcecode.c.objc; path = RDECocoaGlue_Matrix.m; sourceTree = "<group>"; };
		033FAB5220E83CBC00CC584F /* RDECocoaGlue_Menu.h */ = {isa = PBXFileReference; fileEncoding = 4; lastKnownFileType = sourcecode.c.h; path = RDECocoaGlue_Menu.h; sourceTree = "<group>"; };
		033FAB5320E83CBC00CC584F /* RDECocoaGlue_Menu.m */ = {isa = PBXFileReference; fileEncoding = 4; lastKnownFileType = sourcecode.c.objc; path = RDECocoaGlue_Menu.m; sourceTree = "<group>"; };
		033FAB5420E83CBC00CC584F /* RDECocoaGlue_NXBitmapImageRep.h */ = {isa = PBXFileReference; fileEncoding = 4; lastKnownFileType = sourcecode.c.h; path = RDECocoaGlue_NXBitmapImageRep.h; sourceTree = "<group>"; };
		033FAB5520E83CBC00CC584F /* RDECocoaGlue_NXBitmapImageRep.m */ = {isa = PBXFileReference; fileEncoding = 4; lastKnownFileType = sourcecode.c.objc; path = RDECocoaGlue_NXBitmapImageRep.m; sourceTree = "<group>"; };
		033FAB5620E83CBC00CC584F /* RDECocoaGlue_NXColor.h */ = {isa = PBXFileReference; fileEncoding = 4; lastKnownFileType = sourcecode.c.h; path = RDECocoaGlue_NXColor.h; sourceTree = "<group>"; };
		033FAB5720E83CBC00CC584F /* RDECocoaGlue_NXColor.m */ = {isa = PBXFileReference; fileEncoding = 4; lastKnownFileType = sourcecode.c.objc; path = RDECocoaGlue_NXColor.m; sourceTree = "<group>"; };
		033FAB5820E83CBC00CC584F /* RDECocoaGlue_NXDefaults.h */ = {isa = PBXFileReference; fileEncoding = 4; lastKnownFileType = sourcecode.c.h; path = RDECocoaGlue_NXDefaults.h; sourceTree = "<group>"; };
		033FAB5920E83CBC00CC584F /* RDECocoaGlue_NXDefaults.m */ = {isa = PBXFileReference; fileEncoding = 4; lastKnownFileType = sourcecode.c.objc; path = RDECocoaGlue_NXDefaults.m; sourceTree = "<group>"; };
		033FAB5A20E83CBC00CC584F /* RDECocoaGlue_NXGeometry.h */ = {isa = PBXFileReference; fileEncoding = 4; lastKnownFileType = sourcecode.c.h; path = RDECocoaGlue_NXGeometry.h; sourceTree = "<group>"; };
		033FAB5B20E83CBC00CC584F /* RDECocoaGlue_NXImage.h */ = {isa = PBXFileReference; fileEncoding = 4; lastKnownFileType = sourcecode.c.h; path = RDECocoaGlue_NXImage.h; sourceTree = "<group>"; };
		033FAB5C20E83CBC00CC584F /* RDECocoaGlue_NXImage.m */ = {isa = PBXFileReference; fileEncoding = 4; lastKnownFileType = sourcecode.c.objc; path = RDECocoaGlue_NXImage.m; sourceTree = "<group>"; };
		033FAB5D20E83CBC00CC584F /* RDECocoaGlue_NXStream.h */ = {isa = PBXFileReference; fileEncoding = 4; lastKnownFileType = sourcecode.c.h; path = RDECocoaGlue_NXStream.h; sourceTree = "<group>"; };
		033FAB5E20E83CBC00CC584F /* RDECocoaGlue_NXStream.m */ = {isa = PBXFileReference; fileEncoding = 4; lastKnownFileType = sourcecode.c.objc; path = RDECocoaGlue_NXStream.m; sourceTree = "<group>"; };
		033FAB5F20E83CBC00CC584F /* RDECocoaGlue_Object.h */ = {isa = PBXFileReference; fileEncoding = 4; lastKnownFileType = sourcecode.c.h; path = RDECocoaGlue_Object.h; sourceTree = "<group>"; };
		033FAB6020E83CBC00CC584F /* RDECocoaGlue_Object.m */ = {isa = PBXFileReference; fileEncoding = 4; lastKnownFileType = sourcecode.c.objc; path = RDECocoaGlue_Object.m; sourceTree = "<group>"; };
		033FAB6120E83CBC00CC584F /* RDECocoaGlue_OpenPanel.h */ = {isa = PBXFileReference; fileEncoding = 4; lastKnownFileType = sourcecode.c.h; path = RDECocoaGlue_OpenPanel.h; sourceTree = "<group>"; };
		033FAB6220E83CBC00CC584F /* RDECocoaGlue_OpenPanel.m */ = {isa = PBXFileReference; fileEncoding = 4; lastKnownFileType = sourcecode.c.objc; path = RDECocoaGlue_OpenPanel.m; sourceTree = "<group>"; };
		033FAB6420E83CBC00CC584F /* RDECocoaGlue_PopUpList.h */ = {isa = PBXFileReference; fileEncoding = 4; lastKnownFileType = sourcecode.c.h; path = RDECocoaGlue_PopUpList.h; sourceTree = "<group>"; };
		033FAB6520E83CBC00CC584F /* RDECocoaGlue_PopUpList.m */ = {isa = PBXFileReference; fileEncoding = 4; lastKnownFileType = sourcecode.c.objc; path = RDECocoaGlue_PopUpList.m; sourceTree = "<group>"; };
		033FAB6620E83CBC00CC584F /* RDECocoaGlue_ScrollView.h */ = {isa = PBXFileReference; fileEncoding = 4; lastKnownFileType = sourcecode.c.h; path = RDECocoaGlue_ScrollView.h; sourceTree = "<group>"; };
		033FAB6720E83CBC00CC584F /* RDECocoaGlue_ScrollView.m */ = {isa = PBXFileReference; fileEncoding = 4; lastKnownFileType = sourcecode.c.objc; path = RDECocoaGlue_ScrollView.m; sourceTree = "<group>"; };
		033FAB6820E83CBC00CC584F /* RDECocoaGlue_Sound.h */ = {isa = PBXFileReference; fileEncoding = 4; lastKnownFileType = sourcecode.c.h; path = RDECocoaGlue_Sound.h; sourceTree = "<group>"; };
		033FAB6920E83CBC00CC584F /* RDECocoaGlue_Sound.m */ = {isa = PBXFileReference; fileEncoding = 4; lastKnownFileType = sourcecode.c.objc; path = RDECocoaGlue_Sound.m; sourceTree = "<group>"; };
		033FAB6A20E83CBC00CC584F /* RDECocoaGlue_Storage.h */ = {isa = PBXFileReference; fileEncoding = 4; lastKnownFileType = sourcecode.c.h; path = RDECocoaGlue_Storage.h; sourceTree = "<group>"; };
		033FAB6B20E83CBC00CC584F /* RDECocoaGlue_Storage.m */ = {isa = PBXFileReference; fileEncoding = 4; lastKnownFileType = sourcecode.c.objc; path = RDECocoaGlue_Storage.m; sourceTree = "<group>"; };
		033FAB6C20E83CBC00CC584F /* RDECocoaGlue_Text.h */ = {isa = PBXFileReference; fileEncoding = 4; lastKnownFileType = sourcecode.c.h; path = RDECocoaGlue_Text.h; sourceTree = "<group>"; };
		033FAB6D20E83CBC00CC584F /* RDECocoaGlue_Text.m */ = {isa = PBXFileReference; fileEncoding = 4; lastKnownFileType = sourcecode.c.objc; path = RDECocoaGlue_Text.m; sourceTree = "<group>"; };
		033FAB6E20E83CBC00CC584F /* RDECocoaGlue_View.h */ = {isa = PBXFileReference; fileEncoding = 4; lastKnownFileType = sourcecode.c.h; path = RDECocoaGlue_View.h; sourceTree = "<group>"; };
		033FAB6F20E83CBC00CC584F /* RDECocoaGlue_View.m */ = {isa = PBXFileReference; fileEncoding = 4; lastKnownFileType = sourcecode.c.objc; path = RDECocoaGlue_View.m; sourceTree = "<group>"; };
		033FAB7020E83CBC00CC584F /* RDECocoaGlue_Window.h */ = {isa = PBXFileReference; fileEncoding = 4; lastKnownFileType = sourcecode.c.h; path = RDECocoaGlue_Window.h; sourceTree = "<group>"; };
		033FAB7120E83CBC00CC584F /* RDECocoaGlue_Window.m */ = {isa = PBXFileReference; fileEncoding = 4; lastKnownFileType = sourcecode.c.objc; path = RDECocoaGlue_Window.m; sourceTree = "<group>"; };
		033FAB7220E83CBC00CC584F /* RDECocoaGlue.h */ = {isa = PBXFileReference; fileEncoding = 4; lastKnownFileType = sourcecode.c.h; path = RDECocoaGlue.h; sourceTree = "<group>"; };
		033FABA120E8513F00CC584F /* main.m */ = {isa = PBXFileReference; fileEncoding = 4; lastKnownFileType = sourcecode.c.objc; path = main.m; sourceTree = "<group>"; };
		033FABB120E8551000CC584F /* DownArrow_Cocoa.tiff */ = {isa = PBXFileReference; lastKnownFileType = image.tiff; path = DownArrow_Cocoa.tiff; sourceTree = "<group>"; };
		033FABB220E8551000CC584F /* LeftArrow_Cocoa.tiff */ = {isa = PBXFileReference; lastKnownFileType = image.tiff; path = LeftArrow_Cocoa.tiff; sourceTree = "<group>"; };
		033FABB320E8551000CC584F /* ReDoomEd_Icon_OSX.icns */ = {isa = PBXFileReference; lastKnownFileType = image.icns; path = ReDoomEd_Icon_OSX.icns; sourceTree = "<group>"; };
		033FABB420E8551000CC584F /* RightArrow_Cocoa.tiff */ = {isa = PBXFileReference; lastKnownFileType = image.tiff; path = RightArrow_Cocoa.tiff; sourceTree = "<group>"; };
		033FABB520E8551000CC584F /* UpArrow_Cocoa.tiff */ = {isa = PBXFileReference; lastKnownFileType = image.tiff; path = UpArrow_Cocoa.tiff; sourceTree = "<group>"; };
		034DD84C21EED28F005E2BC0 /* RDEApplication.h */ = {isa = PBXFileReference; fileEncoding = 4; lastKnownFileType = sourcecode.c.h; path = RDEApplication.h; sourceTree = "<group>"; };
		034DD84D21EED28F005E2BC0 /* RDEApplication.m */ = {isa = PBXFileReference; fileEncoding = 4; lastKnownFileType = sourcecode.c.objc; path = RDEApplication.m; sourceTree = "<group>"; };
		034DD88A21EEDC8E005E2BC0 /* RDEOSXGlue_BrowserTitles.m */ = {isa = PBXFileReference; fileEncoding = 4; lastKnownFileType = sourcecode.c.objc; path = RDEOSXGlue_BrowserTitles.m; sourceTree = "<group>"; };
		034DD8B221EEE24D005E2BC0 /* RDEOSXGlue_MainMenu.m */ = {isa = PBXFileReference; fileEncoding = 4; lastKnownFileType = sourcecode.c.objc; path = RDEOSXGlue_MainMenu.m; sourceTree = "<group>"; };
		034DD8CC21EEE609005E2BC0 /* RDEOSXGlue_MapWindowRedrawing.m */ = {isa = PBXFileReference; fileEncoding = 4; lastKnownFileType = sourcecode.c.objc; path = RDEOSXGlue_MapWindowRedrawing.m; sourceTree = "<group>"; };
		034DD8F921EEF133005E2BC0 /* NSObject_PPUtilities_MethodSwizzling.m */ = {isa = PBXFileReference; fileEncoding = 4; lastKnownFileType = sourcecode.c.objc; path = NSObject_PPUtilities_MethodSwizzling.m; sourceTree = "<group>"; };
		034DD8FA21EEF133005E2BC0 /* NSObject_PPUtilities.h */ = {isa = PBXFileReference; fileEncoding = 4; lastKnownFileType = sourcecode.c.h; path = NSObject_PPUtilities.h; sourceTree = "<group>"; };
		034DD8FB21EEF133005E2BC0 /* NSObject_PPUtilities.m */ = {isa = PBXFileReference; fileEncoding = 4; lastKnownFileType = sourcecode.c.objc; path = NSObject_PPUtilities.m; sourceTree = "<group>"; };
		034DD8FC21EEF133005E2BC0 /* PPAppBootUtilities.h */ = {isa = PBXFileReference; fileEncoding = 4; lastKnownFileType = sourcecode.c.h; path = PPAppBootUtilities.h; sourceTree = "<group>"; };
		034DD8FD21EEF133005E2BC0 /* PPAppBootUtilities.m */ = {isa = PBXFileReference; fileEncoding = 4; lastKnownFileType = sourcecode.c.objc; path = PPAppBootUtilities.m; sourceTree = "<group>"; };
		034DD8FE21EEF133005E2BC0 /* PPObjCUtilities.h */ = {isa = PBXFileReference; fileEncoding = 4; lastKnownFileType = sourcecode.c.h; path = PPObjCUtilities.h; sourceTree = "<group>"; };
		034DD8FF21EEF133005E2BC0 /* PPObjCUtilities.m */ = {isa = PBXFileReference; fileEncoding = 4; lastKnownFileType = sourcecode.c.objc; path = PPObjCUtilities.m; sourceTree = "<group>"; };
		034DD91C21EEF2C1005E2BC0 /* RDEOSXGlue_OpenPanelTitles.m */ = {isa = PBXFileReference; fileEncoding = 4; lastKnownFileType = sourcecode.c.objc; path = RDEOSXGlue_OpenPanelTitles.m; sourceTree = "<group>"; };
		034DD98E21EFAF9B005E2BC0 /* RDEOSXRuntimeVersionMacros.h */ = {isa = PBXFileReference; fileEncoding = 4; lastKnownFileType = sourcecode.c.h; path = RDEOSXRuntimeVersionMacros.h; sourceTree = "<group>"; };
		034FEF72231D96EF00B26F36 /* RDEInfoPanel.h */ = {isa = PBXFileReference; fileEncoding = 4; lastKnownFileType = sourcecode.c.h; path = RDEInfoPanel.h; sourceTree = "<group>"; };
		034FEF73231D96EF00B26F36 /* RDEInfoPanel.m */ = {isa = PBXFileReference; fileEncoding = 4; lastKnownFileType = sourcecode.c.objc; path = RDEInfoPanel.m; sourceTree = "<group>"; };
		035C962B20DD6D4A006068BA /* cmdlib.h */ = {isa = PBXFileReference; fileEncoding = 4; lastKnownFileType = sourcecode.c.h; path = cmdlib.h; sourceTree = "<group>"; };
		035C962C20DD6D4A006068BA /* doombsp.h */ = {isa = PBXFileReference; fileEncoding = 4; lastKnownFileType = sourcecode.c.h; path = doombsp.h; sourceTree = "<group>"; };
		035C962D20DD6D4A006068BA /* DoomData.h */ = {isa = PBXFileReference; fileEncoding = 4; lastKnownFileType = sourcecode.c.h; path = DoomData.h; sourceTree = "<group>"; };
		035C962F20DD6D4A006068BA /* cmdlib.c */ = {isa = PBXFileReference; fileEncoding = 4; lastKnownFileType = sourcecode.c.c; path = cmdlib.c; sourceTree = "<group>"; };
		035C963120DD6D7F006068BA /* buildbsp.m */ = {isa = PBXFileReference; fileEncoding = 4; lastKnownFileType = sourcecode.c.objc; path = buildbsp.m; sourceTree = "<group>"; };
		035C963220DD6D7F006068BA /* doombsp.m */ = {isa = PBXFileReference; fileEncoding = 4; lastKnownFileType = sourcecode.c.objc; path = doombsp.m; sourceTree = "<group>"; };
		035C963320DD6D7F006068BA /* doomload.m */ = {isa = PBXFileReference; fileEncoding = 4; lastKnownFileType = sourcecode.c.objc; path = doomload.m; sourceTree = "<group>"; };
		035C963420DD6D7F006068BA /* drawing.m */ = {isa = PBXFileReference; fileEncoding = 4; lastKnownFileType = sourcecode.c.objc; path = drawing.m; sourceTree = "<group>"; };
		035C963520DD6D7F006068BA /* saveblocks.m */ = {isa = PBXFileReference; fileEncoding = 4; lastKnownFileType = sourcecode.c.objc; path = saveblocks.m; sourceTree = "<group>"; };
		035C963620DD6D7F006068BA /* savebsp.m */ = {isa = PBXFileReference; fileEncoding = 4; lastKnownFileType = sourcecode.c.objc; path = savebsp.m; sourceTree = "<group>"; };
		035C963720DD6D7F006068BA /* saveconnect.m */ = {isa = PBXFileReference; fileEncoding = 4; lastKnownFileType = sourcecode.c.objc; path = saveconnect.m; sourceTree = "<group>"; };
		035C963820DD6D7F006068BA /* savesectors.m */ = {isa = PBXFileReference; fileEncoding = 4; lastKnownFileType = sourcecode.c.objc; path = savesectors.m; sourceTree = "<group>"; };
		037C84312213BE2D00D8929B /* RDEOSXGlue_ButtonImageAlignment.m */ = {isa = PBXFileReference; fileEncoding = 4; lastKnownFileType = sourcecode.c.objc; path = RDEOSXGlue_ButtonImageAlignment.m; sourceTree = "<group>"; };
		037C84332213BE3800D8929B /* RDEOSXGlue_MainMenu.h */ = {isa = PBXFileReference; fileEncoding = 4; lastKnownFileType = sourcecode.c.h; path = RDEOSXGlue_MainMenu.h; sourceTree = "<group>"; };
		0382390422B2D47C0035E7CB /* RDECocoaGlue_PanelUtilities.h */ = {isa = PBXFileReference; fileEncoding = 4; lastKnownFileType = sourcecode.c.h; path = RDECocoaGlue_PanelUtilities.h; sourceTree = "<group>"; };
		0382390522B2D47C0035E7CB /* RDECocoaGlue_PanelUtilities.m */ = {isa = PBXFileReference; fileEncoding = 4; lastKnownFileType = sourcecode.c.objc; path = RDECocoaGlue_PanelUtilities.m; sourceTree = "<group>"; };
		03BE9E7E225680CE00FA5179 /* RDEdoombsp.h */ = {isa = PBXFileReference; fileEncoding = 4; lastKnownFileType = sourcecode.c.h; path = RDEdoombsp.h; sourceTree = "<group>"; };
		03DC35B61FA1D04800DB9A7A /* en */ = {isa = PBXFileReference; lastKnownFileType = file.xib; name = en; path = en.lproj/SpecialList_Cocoa.xib; sourceTree = "<group>"; };
		03DC35B81FA1D04800DB9A7A /* en */ = {isa = PBXFileReference; lastKnownFileType = file.xib; name = en; path = en.lproj/thing_Cocoa.xib; sourceTree = "<group>"; };
		03DC35BA1FA1D04800DB9A7A /* en */ = {isa = PBXFileReference; lastKnownFileType = file.xib; name = en; path = en.lproj/line_Cocoa.xib; sourceTree = "<group>"; };
		03DC35BC1FA1D04800DB9A7A /* en */ = {isa = PBXFileReference; lastKnownFileType = file.xib; name = en; path = en.lproj/TexturePalette_Cocoa.xib; sourceTree = "<group>"; };
		03DC35BE1FA1D04800DB9A7A /* en */ = {isa = PBXFileReference; lastKnownFileType = file.xib; name = en; path = en.lproj/ThingStripper_Cocoa.xib; sourceTree = "<group>"; };
		03DC35C21FA1D04800DB9A7A /* en */ = {isa = PBXFileReference; lastKnownFileType = file.xib; name = en; path = en.lproj/ThingPalette_Cocoa.xib; sourceTree = "<group>"; };
		03DC35C41FA1D04800DB9A7A /* en */ = {isa = PBXFileReference; lastKnownFileType = file.xib; name = en; path = en.lproj/Remapper_Cocoa.xib; sourceTree = "<group>"; };
		03DC35C61FA1D04800DB9A7A /* en */ = {isa = PBXFileReference; lastKnownFileType = file.xib; name = en; path = en.lproj/FindLine_Cocoa.xib; sourceTree = "<group>"; };
		03DC35CA1FA1D04800DB9A7A /* en */ = {isa = PBXFileReference; lastKnownFileType = file.xib; name = en; path = en.lproj/Project_Cocoa.xib; sourceTree = "<group>"; };
		03DC35CC1FA1D04800DB9A7A /* en */ = {isa = PBXFileReference; lastKnownFileType = file.xib; name = en; path = en.lproj/preferences_Cocoa.xib; sourceTree = "<group>"; };
		03DC35CE1FA1D04800DB9A7A /* en */ = {isa = PBXFileReference; lastKnownFileType = file.xib; name = en; path = en.lproj/DoomEd_Cocoa.xib; sourceTree = "<group>"; };
		03DC35D01FA1D04900DB9A7A /* en */ = {isa = PBXFileReference; lastKnownFileType = file.xib; name = en; path = en.lproj/SectorEditor_Cocoa.xib; sourceTree = "<group>"; };
		03DC35D21FA1D04900DB9A7A /* en */ = {isa = PBXFileReference; lastKnownFileType = file.xib; name = en; path = en.lproj/TextLog_Cocoa.xib; sourceTree = "<group>"; };
		03DC35D41FA1D04900DB9A7A /* en */ = {isa = PBXFileReference; lastKnownFileType = file.xib; name = en; path = en.lproj/TextureEdit_Cocoa.xib; sourceTree = "<group>"; };
		03ECDA7121CDD4CC00DBACCB /* RDECocoaGlue_NXAlertPanel.h */ = {isa = PBXFileReference; fileEncoding = 4; lastKnownFileType = sourcecode.c.h; path = RDECocoaGlue_NXAlertPanel.h; sourceTree = "<group>"; };
		03ECDA7221CDD4CC00DBACCB /* RDECocoaGlue_NXAlertPanel.m */ = {isa = PBXFileReference; fileEncoding = 4; lastKnownFileType = sourcecode.c.objc; path = RDECocoaGlue_NXAlertPanel.m; sourceTree = "<group>"; };
		03ECE50F20D74C7D00178BFB /* RDEDefines.h */ = {isa = PBXFileReference; fileEncoding = 4; lastKnownFileType = sourcecode.c.h; path = RDEDefines.h; sourceTree = "<group>"; };
		03F6BDAC231441DE00045261 /* PPSRGBUtilities.h */ = {isa = PBXFileReference; fileEncoding = 4; lastKnownFileType = sourcecode.c.h; path = PPSRGBUtilities.h; sourceTree = "<group>"; };
		03F6BDAD231441DE00045261 /* PPSRGBUtilities.m */ = {isa = PBXFileReference; fileEncoding = 4; lastKnownFileType = sourcecode.c.objc; path = PPSRGBUtilities.m; sourceTree = "<group>"; };
		03F6BDC9231445E700045261 /* RDEMapExport.h */ = {isa = PBXFileReference; fileEncoding = 4; lastKnownFileType = sourcecode.c.h; path = RDEMapExport.h; sourceTree = "<group>"; };
		03F6BDCA231445E700045261 /* RDEMapExport.m */ = {isa = PBXFileReference; fileEncoding = 4; lastKnownFileType = sourcecode.c.objc; path = RDEMapExport.m; sourceTree = "<group>"; };
		1058C7A1FEA54F0111CA2CBB /* Cocoa.framework */ = {isa = PBXFileReference; lastKnownFileType = wrapper.framework; name = Cocoa.framework; path = System/Library/Frameworks/Cocoa.framework; sourceTree = SDKROOT; };
		13E42FB307B3F0F600E4EEF1 /* CoreData.framework */ = {isa = PBXFileReference; lastKnownFileType = wrapper.framework; name = CoreData.framework; path = System/Library/Frameworks/CoreData.framework; sourceTree = SDKROOT; };
		29B97324FDCFA39411CA2CEA /* AppKit.framework */ = {isa = PBXFileReference; lastKnownFileType = wrapper.framework; name = AppKit.framework; path = System/Library/Frameworks/AppKit.framework; sourceTree = SDKROOT; };
		29B97325FDCFA39411CA2CEA /* Foundation.framework */ = {isa = PBXFileReference; lastKnownFileType = wrapper.framework; name = Foundation.framework; path = System/Library/Frameworks/Foundation.framework; sourceTree = SDKROOT; };
		32CA4F630368D1EE00C91783 /* ReDoomEd_Prefix.pch */ = {isa = PBXFileReference; fileEncoding = 4; lastKnownFileType = sourcecode.c.h; path = ReDoomEd_Prefix.pch; sourceTree = "<group>"; };
		552BAD0223CB935D00B3B658 /* Media.xcassets */ = {isa = PBXFileReference; lastKnownFileType = folder.assetcatalog; path = Media.xcassets; sourceTree = "<group>"; };
		55BAD36123ED5C1500DBE673 /* ReDoomEd-Bridging-Header.h */ = {isa = PBXFileReference; lastKnownFileType = sourcecode.c.h; path = "ReDoomEd-Bridging-Header.h"; sourceTree = "<group>"; };
		55BAD36223ED5C1600DBE673 /* PreferencePanelSwift.swift */ = {isa = PBXFileReference; lastKnownFileType = sourcecode.swift; name = PreferencePanelSwift.swift; path = backup2/PreferencePanelSwift.swift; sourceTree = "<group>"; };
		55C41DC423F08767000FB967 /* en */ = {isa = PBXFileReference; fileEncoding = 4; lastKnownFileType = text.plist.strings; name = en; path = en.lproj/Localizable.strings; sourceTree = "<group>"; };
		55D83B4B23F0ECE700E4E5B6 /* RDEPatchDivider.h */ = {isa = PBXFileReference; lastKnownFileType = sourcecode.c.h; path = RDEPatchDivider.h; sourceTree = "<group>"; };
		55D83B4C23F0EE7900E4E5B6 /* RDEPatchDivider.m */ = {isa = PBXFileReference; lastKnownFileType = sourcecode.c.objc; path = RDEPatchDivider.m; sourceTree = "<group>"; };
		55DC531123F765A80065FADA /* doomprint.m */ = {isa = PBXFileReference; fileEncoding = 4; lastKnownFileType = sourcecode.c.objc; path = doomprint.m; sourceTree = "<group>"; };
		55DC531223F765A80065FADA /* doomprint.h */ = {isa = PBXFileReference; fileEncoding = 4; lastKnownFileType = sourcecode.c.h; path = doomprint.h; sourceTree = "<group>"; };
		8D1107310486CEB800E47090 /* Info.plist */ = {isa = PBXFileReference; fileEncoding = 4; lastKnownFileType = text.plist.xml; path = Info.plist; sourceTree = "<group>"; };
		8D1107320486CEB800E47090 /* ReDoomEd.app */ = {isa = PBXFileReference; explicitFileType = wrapper.application; includeInIndex = 0; path = ReDoomEd.app; sourceTree = BUILT_PRODUCTS_DIR; };
/* End PBXFileReference section */

/* Begin PBXFrameworksBuildPhase section */
		8D11072E0486CEB800E47090 /* Frameworks */ = {
			isa = PBXFrameworksBuildPhase;
			buildActionMask = 2147483647;
			files = (
				8D11072F0486CEB800E47090 /* Cocoa.framework in Frameworks */,
			);
			runOnlyForDeploymentPostprocessing = 0;
		};
/* End PBXFrameworksBuildPhase section */

/* Begin PBXGroup section */
		0326E002219C98B500296897 /* Config */ = {
			isa = PBXGroup;
			children = (
				0326E017219C9A0600296897 /* RDEXCConfig_10.5sdk.xcconfig */,
				0326E018219C9A0600296897 /* RDEXCConfig_10.14sdk.xcconfig */,
				0326E019219C9A0600296897 /* RDEXCConfigCheck.h */,
			);
			name = Config;
			sourceTree = "<group>";
		};
		0326E005219C98BC00296897 /* Prefix */ = {
			isa = PBXGroup;
			children = (
				32CA4F630368D1EE00C91783 /* ReDoomEd_Prefix.pch */,
				03ECE50F20D74C7D00178BFB /* RDEDefines.h */,
				0326E01F219C9ADF00296897 /* RDEBuildEnvironmentMacros.h */,
				55BAD36123ED5C1500DBE673 /* ReDoomEd-Bridging-Header.h */,
			);
			name = Prefix;
			sourceTree = "<group>";
		};
		033FABA920E854C100CC584F /* DoomEd */ = {
			isa = PBXGroup;
			children = (
				033FAA8B20E82A9500CC584F /* DoomEd.tiff */,
				033FAA8C20E82A9500CC584F /* DoomEdIcon.tiff */,
				033FAA8D20E82A9500CC584F /* DoomEdMap.tiff */,
				033FAA8E20E82A9500CC584F /* DoomEdWorld.tiff */,
				033FAA9520E82A9500CC584F /* OldDoomEd.tiff */,
				033FAA9820E82A9500CC584F /* SmallDemon.tiff */,
				033FAA9020E82A9500CC584F /* Find.tiff */,
				033FAA8A20E82A9500CC584F /* Delete.tiff */,
				033FAA9620E82A9500CC584F /* Recycle.tiff */,
				033FAA9A20E82A9500CC584F /* WarningLight1.tiff */,
				033FAA9B20E82A9500CC584F /* WarningLight2.tiff */,
				033FAA9320E82A9500CC584F /* Me1.tiff */,
				033FAA9420E82A9500CC584F /* Me2.tiff */,
				033FAA9120E82A9500CC584F /* johnc.tiff */,
			);
			path = DoomEd;
			sourceTree = SOURCE_ROOT;
		};
		033FABAE20E854DE00CC584F /* ReDoomEd */ = {
			isa = PBXGroup;
			children = (
				033FABB320E8551000CC584F /* ReDoomEd_Icon_OSX.icns */,
				033FABB220E8551000CC584F /* LeftArrow_Cocoa.tiff */,
				033FABB420E8551000CC584F /* RightArrow_Cocoa.tiff */,
				033FABB520E8551000CC584F /* UpArrow_Cocoa.tiff */,
				033FABB120E8551000CC584F /* DownArrow_Cocoa.tiff */,
			);
			name = ReDoomEd;
			sourceTree = "<group>";
		};
		034DD84921EED1C6005E2BC0 /* ReDoomEd */ = {
			isa = PBXGroup;
			children = (
				033FABA120E8513F00CC584F /* main.m */,
				034DD84C21EED28F005E2BC0 /* RDEApplication.h */,
				034DD84D21EED28F005E2BC0 /* RDEApplication.m */,
				03BE9E7E225680CE00FA5179 /* RDEdoombsp.h */,
				034FEF72231D96EF00B26F36 /* RDEInfoPanel.h */,
				034FEF73231D96EF00B26F36 /* RDEInfoPanel.m */,
				03F6BDC9231445E700045261 /* RDEMapExport.h */,
				03F6BDCA231445E700045261 /* RDEMapExport.m */,
				034DD85C21EED4A4005E2BC0 /* Utilities (from PikoPixel) */,
				29B97315FDCFA39411CA2CEA /* Cocoa Glue */,
				034DD86121EED4C7005E2BC0 /* OS X Glue */,
			);
			name = ReDoomEd;
			sourceTree = "<group>";
			usesTabs = 0;
		};
		034DD85C21EED4A4005E2BC0 /* Utilities (from PikoPixel) */ = {
			isa = PBXGroup;
			children = (
				034DD8FA21EEF133005E2BC0 /* NSObject_PPUtilities.h */,
				034DD8FB21EEF133005E2BC0 /* NSObject_PPUtilities.m */,
				034DD8F921EEF133005E2BC0 /* NSObject_PPUtilities_MethodSwizzling.m */,
				034DD8FC21EEF133005E2BC0 /* PPAppBootUtilities.h */,
				034DD8FD21EEF133005E2BC0 /* PPAppBootUtilities.m */,
				034DD8FE21EEF133005E2BC0 /* PPObjCUtilities.h */,
				034DD8FF21EEF133005E2BC0 /* PPObjCUtilities.m */,
				03F6BDAC231441DE00045261 /* PPSRGBUtilities.h */,
				03F6BDAD231441DE00045261 /* PPSRGBUtilities.m */,
			);
			name = "Utilities (from PikoPixel)";
			path = RDEUtilities;
			sourceTree = "<group>";
		};
		034DD86121EED4C7005E2BC0 /* OS X Glue */ = {
			isa = PBXGroup;
			children = (
				034DD98E21EFAF9B005E2BC0 /* RDEOSXRuntimeVersionMacros.h */,
				034DD88A21EEDC8E005E2BC0 /* RDEOSXGlue_BrowserTitles.m */,
				037C84312213BE2D00D8929B /* RDEOSXGlue_ButtonImageAlignment.m */,
				037C84332213BE3800D8929B /* RDEOSXGlue_MainMenu.h */,
				034DD8B221EEE24D005E2BC0 /* RDEOSXGlue_MainMenu.m */,
				034DD8CC21EEE609005E2BC0 /* RDEOSXGlue_MapWindowRedrawing.m */,
				034DD91C21EEF2C1005E2BC0 /* RDEOSXGlue_OpenPanelTitles.m */,
			);
			name = "OS X Glue";
			path = RDEOSXGlue;
			sourceTree = "<group>";
		};
		035C962520DD6D1A006068BA /* doombsp */ = {
			isa = PBXGroup;
			children = (
				035C963120DD6D7F006068BA /* buildbsp.m */,
				035C962B20DD6D4A006068BA /* cmdlib.h */,
				035C962F20DD6D4A006068BA /* cmdlib.c */,
				035C962C20DD6D4A006068BA /* doombsp.h */,
				035C963220DD6D7F006068BA /* doombsp.m */,
				035C963320DD6D7F006068BA /* doomload.m */,
				035C963420DD6D7F006068BA /* drawing.m */,
				035C962D20DD6D4A006068BA /* DoomData.h */,
				035C963520DD6D7F006068BA /* saveblocks.m */,
				035C963620DD6D7F006068BA /* savebsp.m */,
				035C963720DD6D7F006068BA /* saveconnect.m */,
				035C963820DD6D7F006068BA /* savesectors.m */,
			);
			path = doombsp;
			sourceTree = "<group>";
		};
		03E4F3D01FB5FCDE0046BADC /* Images */ = {
			isa = PBXGroup;
			children = (
				033FABAE20E854DE00CC584F /* ReDoomEd */,
				033FABA920E854C100CC584F /* DoomEd */,
				552BAD0223CB935D00B3B658 /* Media.xcassets */,
			);
			path = Images;
			sourceTree = "<group>";
		};
		03E4F3D31FB5FCFF0046BADC /* Sounds */ = {
			isa = PBXGroup;
			children = (
				033FAA7F20E829DE00CC584F /* DESave.snd */,
				033FAA7C20E829DE00CC584F /* D_Dbite.snd */,
				033FAA7D20E829DE00CC584F /* D_EPain.snd */,
			);
			name = Sounds;
			sourceTree = "<group>";
		};
		080E96DDFE201D6D7F000001 /* DoomEd */ = {
			isa = PBXGroup;
			children = (
				033FAAAE20E82BA600CC584F /* BlockWorld.h */,
				033FAADF20E834C700CC584F /* BlockWorld.m */,
				033FAAAF20E82BB100CC584F /* Coordinator.h */,
				033FAAE020E834C700CC584F /* Coordinator.m */,
				033FAAB020E82BC300CC584F /* DoomProject.h */,
				033FAAE220E834C700CC584F /* DoomProject.m */,
				033FAAB120E82BC300CC584F /* EditWorld.h */,
				033FAAE320E834C700CC584F /* EditWorld.m */,
				033FAAE420E834C700CC584F /* EWDoomSave.m */,
				033FAAE520E834C700CC584F /* EWLoadSave.m */,
				033FAAB220E82BC300CC584F /* FindLine.h */,
				033FAAE620E834C700CC584F /* FindLine_plaintextformat.m */,
				033FAAB320E82BC300CC584F /* FlatRemapper.h */,
				033FAAE820E834C700CC584F /* FlatRemapper.m */,
				033FAAB420E82BC300CC584F /* FlatsView.h */,
				033FAAE920E834C700CC584F /* FlatsView.m */,
				033FAAB820E82BC300CC584F /* LinePanel.h */,
				033FAAED20E834C700CC584F /* LinePanel.m */,
				033FAAB920E82BC300CC584F /* LineSpecialRemapper.h */,
				033FAAEE20E834C700CC584F /* LineSpecialRemapper.m */,
				033FAABA20E82BC300CC584F /* MapView.h */,
				033FAAEF20E834C700CC584F /* MapView.m */,
				033FAABB20E82BC300CC584F /* MapViewDraw.h */,
				033FAAF020E834C700CC584F /* MapViewDraw.m */,
				033FAABC20E82BC300CC584F /* MapViewResp.h */,
				033FAAF120E834C700CC584F /* MapViewResp.m */,
				033FAABD20E82BC300CC584F /* MapWindow.h */,
				033FAAF220E834C700CC584F /* MapWindow.m */,
				033FAABF20E82BC300CC584F /* PopScrollView.h */,
				033FAAF420E834C700CC584F /* PopScrollView.m */,
				033FAAC020E82BC300CC584F /* PreferencePanel.h */,
				033FAAF520E834C700CC584F /* PreferencePanel.m */,
				55BAD36223ED5C1600DBE673 /* PreferencePanelSwift.swift */,
				033FAAC220E82BC300CC584F /* Remapper.h */,
				033FAAF620E834C700CC584F /* Remapper.m */,
				033FAAC120E82BC300CC584F /* R_mapdef.h */,
				033FAAC320E82BC300CC584F /* SectorEditor.h */,
				033FAAF720E834C700CC584F /* SectorEditor.m */,
				033FAAC420E82BC300CC584F /* SectorEditView.h */,
				033FAAF820E834C700CC584F /* SectorEditView.m */,
				033FAAC520E82BC300CC584F /* SettingsPanel.h */,
				033FAAF920E834C700CC584F /* SettingsPanel.m */,
				033FAAC620E82BC300CC584F /* SpecialList.h */,
				033FAAFA20E834C700CC584F /* SpecialList.m */,
				033FAAC720E82BC300CC584F /* SpecialListWindow.h */,
				033FAAFB20E834C700CC584F /* SpecialListWindow.m */,
				033FAAC820E82BC300CC584F /* TextLog.h */,
				033FAAFC20E834C700CC584F /* TextLog.m */,
				033FAAC920E82BC300CC584F /* TextureEdit.h */,
				033FAAFD20E834C700CC584F /* TextureEdit.m */,
				033FAACA20E82BC300CC584F /* TexturePalette.h */,
				033FAAFE20E834C700CC584F /* TexturePalette.m */,
				033FAACB20E82BC300CC584F /* TexturePalView.h */,
				033FAAFF20E834C700CC584F /* TexturePalView.m */,
				033FAACC20E82BC300CC584F /* TexturePatchView.h */,
				033FAB0020E834C700CC584F /* TexturePatchView.m */,
				033FAACD20E82BC300CC584F /* TextureRemapper.h */,
				033FAB0120E834C700CC584F /* TextureRemapper.m */,
				033FAACE20E82BC300CC584F /* TextureView.h */,
				033FAB0220E834C700CC584F /* TextureView.m */,
				033FAACF20E82BC300CC584F /* TextureWindow.h */,
				033FAB0320E834C700CC584F /* TextureWindow.m */,
				033FAAD020E82BC300CC584F /* ThermoView.h */,
				033FAB0420E834C700CC584F /* ThermoView.m */,
				033FAAD120E82BC300CC584F /* ThingPalette.h */,
				033FAB0520E834C700CC584F /* ThingPalette.m */,
				033FAAD220E82BC300CC584F /* ThingPalView.h */,
				033FAB0620E834C700CC584F /* ThingPalView.m */,
				033FAAD320E82BC300CC584F /* ThingPanel.h */,
				033FAB0720E834C700CC584F /* ThingPanel.m */,
				033FAAD420E82BC300CC584F /* ThingRemapper.h */,
				033FAB0820E834C700CC584F /* ThingRemapper.m */,
				033FAAD520E82BC300CC584F /* ThingStripper.h */,
				033FAB0920E834C700CC584F /* ThingStripper.m */,
				033FAAD620E82BC300CC584F /* ThingWindow.h */,
				033FAB0A20E834C700CC584F /* ThingWindow.m */,
				033FAAD820E82BC300CC584F /* ToolPanel.h */,
				033FAB0B20E834C700CC584F /* ToolPanel.m */,
				033FAAD920E82BC300CC584F /* Wadfile.h */,
				033FAB0C20E834C700CC584F /* Wadfile.m */,
				033FAAB620E82BC300CC584F /* idfunctions.h */,
				033FAAEB20E834C700CC584F /* idfunctions.m */,
				033FAAB720E82BC300CC584F /* lbmfunctions.h */,
				033FAAEC20E834C700CC584F /* lbmfunctions.m */,
				033FAABE20E82BC300CC584F /* pathops.h */,
				033FAAF320E834C700CC584F /* pathops.m */,
				55D83B4B23F0ECE700E4E5B6 /* RDEPatchDivider.h */,
				55D83B4C23F0EE7900E4E5B6 /* RDEPatchDivider.m */,
			);
			path = DoomEd;
			sourceTree = "<group>";
		};
		1058C7A0FEA54F0111CA2CBB /* Linked Frameworks */ = {
			isa = PBXGroup;
			children = (
				1058C7A1FEA54F0111CA2CBB /* Cocoa.framework */,
			);
			name = "Linked Frameworks";
			sourceTree = "<group>";
		};
		1058C7A2FEA54F0111CA2CBB /* Other Frameworks */ = {
			isa = PBXGroup;
			children = (
				29B97324FDCFA39411CA2CEA /* AppKit.framework */,
				13E42FB307B3F0F600E4EEF1 /* CoreData.framework */,
				29B97325FDCFA39411CA2CEA /* Foundation.framework */,
			);
			name = "Other Frameworks";
			sourceTree = "<group>";
		};
		19C28FACFE9D520D11CA2CBB /* Products */ = {
			isa = PBXGroup;
			children = (
				8D1107320486CEB800E47090 /* ReDoomEd.app */,
			);
			name = Products;
			sourceTree = "<group>";
		};
		29B97314FDCFA39411CA2CEA /* ReDoomEd */ = {
			isa = PBXGroup;
			children = (
				0326E002219C98B500296897 /* Config */,
				0326E005219C98BC00296897 /* Prefix */,
				034DD84921EED1C6005E2BC0 /* ReDoomEd */,
				080E96DDFE201D6D7F000001 /* DoomEd */,
				035C962520DD6D1A006068BA /* doombsp */,
				55DC531023F765700065FADA /* doomprint */,
				29B97317FDCFA39411CA2CEA /* Resources */,
				29B97323FDCFA39411CA2CEA /* Frameworks */,
				19C28FACFE9D520D11CA2CBB /* Products */,
			);
			name = ReDoomEd;
			sourceTree = "<group>";
		};
		29B97315FDCFA39411CA2CEA /* Cocoa Glue */ = {
			isa = PBXGroup;
			children = (
				033FAB7220E83CBC00CC584F /* RDECocoaGlue.h */,
				033FAB4F20E83CBC00CC584F /* RDECocoaGlue_Macros.h */,
				033FAB4620E83CBC00CC584F /* RDECocoaGlue_Classnames.h */,
				033FAB4720E83CBC00CC584F /* RDECocoaGlue_Constants.h */,
				033FAB4C20E83CBC00CC584F /* RDECocoaGlue_Functions.h */,
				033FAB4420E83CBC00CC584F /* RDECocoaGlue_Application.h */,
				033FAB4520E83CBC00CC584F /* RDECocoaGlue_Application.m */,
				033FAB4820E83CBC00CC584F /* RDECocoaGlue_DisplayPostScript.h */,
				033FAB4920E83CBC00CC584F /* RDECocoaGlue_DisplayPostScript.m */,
				033FAB4A20E83CBC00CC584F /* RDECocoaGlue_Form.h */,
				033FAB4B20E83CBC00CC584F /* RDECocoaGlue_Form.m */,
				033FAB4D20E83CBC00CC584F /* RDECocoaGlue_List.h */,
				033FAB4E20E83CBC00CC584F /* RDECocoaGlue_List.m */,
				033FAB5020E83CBC00CC584F /* RDECocoaGlue_Matrix.h */,
				033FAB5120E83CBC00CC584F /* RDECocoaGlue_Matrix.m */,
				033FAB5220E83CBC00CC584F /* RDECocoaGlue_Menu.h */,
				033FAB5320E83CBC00CC584F /* RDECocoaGlue_Menu.m */,
				03ECDA7121CDD4CC00DBACCB /* RDECocoaGlue_NXAlertPanel.h */,
				03ECDA7221CDD4CC00DBACCB /* RDECocoaGlue_NXAlertPanel.m */,
				033FAB5420E83CBC00CC584F /* RDECocoaGlue_NXBitmapImageRep.h */,
				033FAB5520E83CBC00CC584F /* RDECocoaGlue_NXBitmapImageRep.m */,
				033FAB5620E83CBC00CC584F /* RDECocoaGlue_NXColor.h */,
				033FAB5720E83CBC00CC584F /* RDECocoaGlue_NXColor.m */,
				033FAB5820E83CBC00CC584F /* RDECocoaGlue_NXDefaults.h */,
				033FAB5920E83CBC00CC584F /* RDECocoaGlue_NXDefaults.m */,
				033FAB5A20E83CBC00CC584F /* RDECocoaGlue_NXGeometry.h */,
				033001B9233592CF00A420C0 /* RDECocoaGlue_NXGraphics.h */,
				033001D02335969D00A420C0 /* RDECocoaGlue_NXGraphics.m */,
				033FAB5B20E83CBC00CC584F /* RDECocoaGlue_NXImage.h */,
				033FAB5C20E83CBC00CC584F /* RDECocoaGlue_NXImage.m */,
				033FAB5D20E83CBC00CC584F /* RDECocoaGlue_NXStream.h */,
				033FAB5E20E83CBC00CC584F /* RDECocoaGlue_NXStream.m */,
				033FAB5F20E83CBC00CC584F /* RDECocoaGlue_Object.h */,
				033FAB6020E83CBC00CC584F /* RDECocoaGlue_Object.m */,
				033FAB6120E83CBC00CC584F /* RDECocoaGlue_OpenPanel.h */,
				033FAB6220E83CBC00CC584F /* RDECocoaGlue_OpenPanel.m */,
				0382390422B2D47C0035E7CB /* RDECocoaGlue_PanelUtilities.h */,
				0382390522B2D47C0035E7CB /* RDECocoaGlue_PanelUtilities.m */,
				033FAB6420E83CBC00CC584F /* RDECocoaGlue_PopUpList.h */,
				033FAB6520E83CBC00CC584F /* RDECocoaGlue_PopUpList.m */,
				033FAB6620E83CBC00CC584F /* RDECocoaGlue_ScrollView.h */,
				033FAB6720E83CBC00CC584F /* RDECocoaGlue_ScrollView.m */,
				033FAB6820E83CBC00CC584F /* RDECocoaGlue_Sound.h */,
				033FAB6920E83CBC00CC584F /* RDECocoaGlue_Sound.m */,
				033FAB6A20E83CBC00CC584F /* RDECocoaGlue_Storage.h */,
				033FAB6B20E83CBC00CC584F /* RDECocoaGlue_Storage.m */,
				032681F322CD947900529592 /* RDECocoaGlue_StringUtilities.h */,
				032681F422CD947900529592 /* RDECocoaGlue_StringUtilities.m */,
				033FAB6C20E83CBC00CC584F /* RDECocoaGlue_Text.h */,
				033FAB6D20E83CBC00CC584F /* RDECocoaGlue_Text.m */,
				033FAB6E20E83CBC00CC584F /* RDECocoaGlue_View.h */,
				033FAB6F20E83CBC00CC584F /* RDECocoaGlue_View.m */,
				033FAB7020E83CBC00CC584F /* RDECocoaGlue_Window.h */,
				033FAB7120E83CBC00CC584F /* RDECocoaGlue_Window.m */,
			);
			name = "Cocoa Glue";
			path = RDECocoaGlue;
			sourceTree = "<group>";
		};
		29B97317FDCFA39411CA2CEA /* Resources */ = {
			isa = PBXGroup;
			children = (
				8D1107310486CEB800E47090 /* Info.plist */,
				55C41DC523F08767000FB967 /* Localizable.strings */,
				03DC35CD1FA1D04800DB9A7A /* DoomEd_Cocoa.xib */,
				03DC35B51FA1D04800DB9A7A /* SpecialList_Cocoa.xib */,
				03DC35B71FA1D04800DB9A7A /* thing_Cocoa.xib */,
				03DC35B91FA1D04800DB9A7A /* line_Cocoa.xib */,
				03DC35BB1FA1D04800DB9A7A /* TexturePalette_Cocoa.xib */,
				03DC35BD1FA1D04800DB9A7A /* ThingStripper_Cocoa.xib */,
				03DC35C11FA1D04800DB9A7A /* ThingPalette_Cocoa.xib */,
				03DC35C31FA1D04800DB9A7A /* Remapper_Cocoa.xib */,
				03DC35C51FA1D04800DB9A7A /* FindLine_Cocoa.xib */,
				03DC35C91FA1D04800DB9A7A /* Project_Cocoa.xib */,
				03DC35CB1FA1D04800DB9A7A /* preferences_Cocoa.xib */,
				03DC35CF1FA1D04800DB9A7A /* SectorEditor_Cocoa.xib */,
				03DC35D11FA1D04900DB9A7A /* TextLog_Cocoa.xib */,
				03DC35D31FA1D04900DB9A7A /* TextureEdit_Cocoa.xib */,
				03E4F3D01FB5FCDE0046BADC /* Images */,
				03E4F3D31FB5FCFF0046BADC /* Sounds */,
			);
			name = Resources;
			sourceTree = "<group>";
		};
		29B97323FDCFA39411CA2CEA /* Frameworks */ = {
			isa = PBXGroup;
			children = (
				1058C7A0FEA54F0111CA2CBB /* Linked Frameworks */,
				1058C7A2FEA54F0111CA2CBB /* Other Frameworks */,
			);
			name = Frameworks;
			sourceTree = "<group>";
		};
		55DC531023F765700065FADA /* doomprint */ = {
			isa = PBXGroup;
			children = (
				55DC531223F765A80065FADA /* doomprint.h */,
				55DC531123F765A80065FADA /* doomprint.m */,
			);
			path = doomprint;
			sourceTree = "<group>";
		};
/* End PBXGroup section */

/* Begin PBXNativeTarget section */
		8D1107260486CEB800E47090 /* ReDoomEd */ = {
			isa = PBXNativeTarget;
			buildConfigurationList = C01FCF4A08A954540054247B /* Build configuration list for PBXNativeTarget "ReDoomEd" */;
			buildPhases = (
				8D1107290486CEB800E47090 /* Resources */,
				8D11072C0486CEB800E47090 /* Sources */,
				8D11072E0486CEB800E47090 /* Frameworks */,
			);
			buildRules = (
			);
			dependencies = (
			);
			name = ReDoomEd;
			productInstallPath = "$(HOME)/Applications";
			productName = ReDoomEd;
			productReference = 8D1107320486CEB800E47090 /* ReDoomEd.app */;
			productType = "com.apple.product-type.application";
		};
/* End PBXNativeTarget section */

/* Begin PBXProject section */
		29B97313FDCFA39411CA2CEA /* Project object */ = {
			isa = PBXProject;
			attributes = {
				LastUpgradeCheck = 1130;
				TargetAttributes = {
					8D1107260486CEB800E47090 = {
						LastSwiftMigration = 1130;
					};
				};
			};
			buildConfigurationList = C01FCF4E08A954540054247B /* Build configuration list for PBXProject "ReDoomEd" */;
			compatibilityVersion = "Xcode 3.1";
			developmentRegion = en;
			hasScannedForEncodings = 1;
			knownRegions = (
				en,
				ja,
				fr,
				de,
			);
			mainGroup = 29B97314FDCFA39411CA2CEA /* ReDoomEd */;
			projectDirPath = "";
			projectRoot = "";
			targets = (
				8D1107260486CEB800E47090 /* ReDoomEd */,
			);
		};
/* End PBXProject section */

/* Begin PBXResourcesBuildPhase section */
		8D1107290486CEB800E47090 /* Resources */ = {
			isa = PBXResourcesBuildPhase;
			buildActionMask = 2147483647;
			files = (
				552BAD0323CB935D00B3B658 /* Media.xcassets in Resources */,
				03DC35D91FA1D04900DB9A7A /* SpecialList_Cocoa.xib in Resources */,
				55C41DC323F08767000FB967 /* Localizable.strings in Resources */,
				03DC35DA1FA1D04900DB9A7A /* thing_Cocoa.xib in Resources */,
				03DC35DB1FA1D04900DB9A7A /* line_Cocoa.xib in Resources */,
				03DC35DC1FA1D04900DB9A7A /* TexturePalette_Cocoa.xib in Resources */,
				03DC35DD1FA1D04900DB9A7A /* ThingStripper_Cocoa.xib in Resources */,
				03DC35DF1FA1D04900DB9A7A /* ThingPalette_Cocoa.xib in Resources */,
				03DC35E01FA1D04900DB9A7A /* Remapper_Cocoa.xib in Resources */,
				03DC35E11FA1D04900DB9A7A /* FindLine_Cocoa.xib in Resources */,
				03DC35E31FA1D04900DB9A7A /* Project_Cocoa.xib in Resources */,
				03DC35E41FA1D04900DB9A7A /* preferences_Cocoa.xib in Resources */,
				03DC35E51FA1D04900DB9A7A /* DoomEd_Cocoa.xib in Resources */,
				03DC35E61FA1D04900DB9A7A /* SectorEditor_Cocoa.xib in Resources */,
				03DC35E71FA1D04900DB9A7A /* TextLog_Cocoa.xib in Resources */,
				03DC35E81FA1D04900DB9A7A /* TextureEdit_Cocoa.xib in Resources */,
				033FAA8320E829DE00CC584F /* D_Dbite.snd in Resources */,
				033FAA8420E829DE00CC584F /* D_EPain.snd in Resources */,
				033FAA8620E829DE00CC584F /* DESave.snd in Resources */,
				033FAA9D20E82A9500CC584F /* DoomEd.tiff in Resources */,
				033FAA9E20E82A9500CC584F /* DoomEdIcon.tiff in Resources */,
				033FAAA720E82A9500CC584F /* OldDoomEd.tiff in Resources */,
				033FABB820E8551000CC584F /* ReDoomEd_Icon_OSX.icns in Resources */,
			);
			runOnlyForDeploymentPostprocessing = 0;
		};
/* End PBXResourcesBuildPhase section */

/* Begin PBXSourcesBuildPhase section */
		8D11072C0486CEB800E47090 /* Sources */ = {
			isa = PBXSourcesBuildPhase;
			buildActionMask = 2147483647;
			files = (
				035C963020DD6D4A006068BA /* cmdlib.c in Sources */,
				035C963A20DD6D7F006068BA /* buildbsp.m in Sources */,
				035C963B20DD6D7F006068BA /* doombsp.m in Sources */,
				035C963C20DD6D7F006068BA /* doomload.m in Sources */,
				035C963D20DD6D7F006068BA /* drawing.m in Sources */,
				035C963E20DD6D7F006068BA /* saveblocks.m in Sources */,
				035C963F20DD6D7F006068BA /* savebsp.m in Sources */,
				035C964020DD6D7F006068BA /* saveconnect.m in Sources */,
				035C964120DD6D7F006068BA /* savesectors.m in Sources */,
				033FAB0D20E834C700CC584F /* BlockWorld.m in Sources */,
				033FAB0E20E834C700CC584F /* Coordinator.m in Sources */,
				033FAB1020E834C700CC584F /* DoomProject.m in Sources */,
				033FAB1120E834C700CC584F /* EditWorld.m in Sources */,
				033FAB1220E834C700CC584F /* EWDoomSave.m in Sources */,
				033FAB1320E834C700CC584F /* EWLoadSave.m in Sources */,
				033FAB1420E834C700CC584F /* FindLine_plaintextformat.m in Sources */,
				033FAB1620E834C700CC584F /* FlatRemapper.m in Sources */,
				033FAB1720E834C700CC584F /* FlatsView.m in Sources */,
				033FAB1920E834C700CC584F /* idfunctions.m in Sources */,
				033FAB1A20E834C700CC584F /* lbmfunctions.m in Sources */,
				033FAB1B20E834C700CC584F /* LinePanel.m in Sources */,
				033FAB1C20E834C700CC584F /* LineSpecialRemapper.m in Sources */,
				033FAB1D20E834C700CC584F /* MapView.m in Sources */,
				033FAB1E20E834C700CC584F /* MapViewDraw.m in Sources */,
				033FAB1F20E834C700CC584F /* MapViewResp.m in Sources */,
				033FAB2020E834C700CC584F /* MapWindow.m in Sources */,
				033FAB2120E834C700CC584F /* pathops.m in Sources */,
				033FAB2220E834C700CC584F /* PopScrollView.m in Sources */,
				033FAB2320E834C700CC584F /* PreferencePanel.m in Sources */,
				033FAB2420E834C700CC584F /* Remapper.m in Sources */,
				033FAB2520E834C700CC584F /* SectorEditor.m in Sources */,
				033FAB2620E834C700CC584F /* SectorEditView.m in Sources */,
				55DC531323F765A80065FADA /* doomprint.m in Sources */,
				033FAB2720E834C700CC584F /* SettingsPanel.m in Sources */,
				033FAB2820E834C700CC584F /* SpecialList.m in Sources */,
				033FAB2920E834C700CC584F /* SpecialListWindow.m in Sources */,
				033FAB2A20E834C700CC584F /* TextLog.m in Sources */,
				033FAB2B20E834C700CC584F /* TextureEdit.m in Sources */,
				033FAB2C20E834C700CC584F /* TexturePalette.m in Sources */,
				55D83B4D23F0EE7900E4E5B6 /* RDEPatchDivider.m in Sources */,
				033FAB2D20E834C700CC584F /* TexturePalView.m in Sources */,
				033FAB2E20E834C700CC584F /* TexturePatchView.m in Sources */,
				033FAB2F20E834C700CC584F /* TextureRemapper.m in Sources */,
				033FAB3020E834C700CC584F /* TextureView.m in Sources */,
				033FAB3120E834C700CC584F /* TextureWindow.m in Sources */,
				033FAB3220E834C700CC584F /* ThermoView.m in Sources */,
				033FAB3320E834C700CC584F /* ThingPalette.m in Sources */,
				033FAB3420E834C700CC584F /* ThingPalView.m in Sources */,
				033FAB3520E834C700CC584F /* ThingPanel.m in Sources */,
				033FAB3620E834C700CC584F /* ThingRemapper.m in Sources */,
				033FAB3720E834C700CC584F /* ThingStripper.m in Sources */,
				55BAD36323ED5C1600DBE673 /* PreferencePanelSwift.swift in Sources */,
				033FAB3820E834C700CC584F /* ThingWindow.m in Sources */,
				033FAB3920E834C700CC584F /* ToolPanel.m in Sources */,
				033FAB3A20E834C700CC584F /* Wadfile.m in Sources */,
				033FAB7320E83CBC00CC584F /* RDECocoaGlue_Application.m in Sources */,
				033FAB7420E83CBC00CC584F /* RDECocoaGlue_DisplayPostScript.m in Sources */,
				033FAB7520E83CBC00CC584F /* RDECocoaGlue_Form.m in Sources */,
				033FAB7620E83CBC00CC584F /* RDECocoaGlue_List.m in Sources */,
				033FAB7720E83CBC00CC584F /* RDECocoaGlue_Matrix.m in Sources */,
				033FAB7820E83CBC00CC584F /* RDECocoaGlue_Menu.m in Sources */,
				033FAB7920E83CBC00CC584F /* RDECocoaGlue_NXBitmapImageRep.m in Sources */,
				033FAB7A20E83CBC00CC584F /* RDECocoaGlue_NXColor.m in Sources */,
				033FAB7B20E83CBC00CC584F /* RDECocoaGlue_NXDefaults.m in Sources */,
				033FAB7C20E83CBC00CC584F /* RDECocoaGlue_NXImage.m in Sources */,
				033FAB7D20E83CBC00CC584F /* RDECocoaGlue_NXStream.m in Sources */,
				033FAB7E20E83CBC00CC584F /* RDECocoaGlue_Object.m in Sources */,
				033FAB8020E83CBC00CC584F /* RDECocoaGlue_PopUpList.m in Sources */,
				033FAB8120E83CBC00CC584F /* RDECocoaGlue_ScrollView.m in Sources */,
				033FAB8220E83CBC00CC584F /* RDECocoaGlue_Sound.m in Sources */,
				033FAB8320E83CBC00CC584F /* RDECocoaGlue_Storage.m in Sources */,
				033FAB8420E83CBC00CC584F /* RDECocoaGlue_Text.m in Sources */,
				033FAB8520E83CBC00CC584F /* RDECocoaGlue_View.m in Sources */,
				033FAB8620E83CBC00CC584F /* RDECocoaGlue_Window.m in Sources */,
				033FABA220E8513F00CC584F /* main.m in Sources */,
				03ECDA7321CDD4CC00DBACCB /* RDECocoaGlue_NXAlertPanel.m in Sources */,
				034DD84E21EED28F005E2BC0 /* RDEApplication.m in Sources */,
				034DD88B21EEDC8E005E2BC0 /* RDEOSXGlue_BrowserTitles.m in Sources */,
				034DD8B321EEE24D005E2BC0 /* RDEOSXGlue_MainMenu.m in Sources */,
				034DD8CD21EEE609005E2BC0 /* RDEOSXGlue_MapWindowRedrawing.m in Sources */,
				034DD90021EEF133005E2BC0 /* NSObject_PPUtilities_MethodSwizzling.m in Sources */,
				034DD90121EEF133005E2BC0 /* NSObject_PPUtilities.m in Sources */,
				034DD90221EEF133005E2BC0 /* PPAppBootUtilities.m in Sources */,
				034DD90321EEF133005E2BC0 /* PPObjCUtilities.m in Sources */,
				034DD91D21EEF2C1005E2BC0 /* RDEOSXGlue_OpenPanelTitles.m in Sources */,
				037C84322213BE2D00D8929B /* RDEOSXGlue_ButtonImageAlignment.m in Sources */,
				0382390622B2D47C0035E7CB /* RDECocoaGlue_PanelUtilities.m in Sources */,
				032681F522CD947900529592 /* RDECocoaGlue_StringUtilities.m in Sources */,
				03F6BDAE231441DE00045261 /* PPSRGBUtilities.m in Sources */,
				03F6BDCB231445E700045261 /* RDEMapExport.m in Sources */,
				034FEF74231D96EF00B26F36 /* RDEInfoPanel.m in Sources */,
				033001D12335969D00A420C0 /* RDECocoaGlue_NXGraphics.m in Sources */,
			);
			runOnlyForDeploymentPostprocessing = 0;
		};
/* End PBXSourcesBuildPhase section */

/* Begin PBXVariantGroup section */
		03DC35B51FA1D04800DB9A7A /* SpecialList_Cocoa.xib */ = {
			isa = PBXVariantGroup;
			children = (
				03DC35B61FA1D04800DB9A7A /* en */,
			);
			name = SpecialList_Cocoa.xib;
			sourceTree = "<group>";
		};
		03DC35B71FA1D04800DB9A7A /* thing_Cocoa.xib */ = {
			isa = PBXVariantGroup;
			children = (
				03DC35B81FA1D04800DB9A7A /* en */,
			);
			name = thing_Cocoa.xib;
			sourceTree = "<group>";
		};
		03DC35B91FA1D04800DB9A7A /* line_Cocoa.xib */ = {
			isa = PBXVariantGroup;
			children = (
				03DC35BA1FA1D04800DB9A7A /* en */,
			);
			name = line_Cocoa.xib;
			sourceTree = "<group>";
		};
		03DC35BB1FA1D04800DB9A7A /* TexturePalette_Cocoa.xib */ = {
			isa = PBXVariantGroup;
			children = (
				03DC35BC1FA1D04800DB9A7A /* en */,
			);
			name = TexturePalette_Cocoa.xib;
			sourceTree = "<group>";
		};
		03DC35BD1FA1D04800DB9A7A /* ThingStripper_Cocoa.xib */ = {
			isa = PBXVariantGroup;
			children = (
				03DC35BE1FA1D04800DB9A7A /* en */,
			);
			name = ThingStripper_Cocoa.xib;
			sourceTree = "<group>";
		};
		03DC35C11FA1D04800DB9A7A /* ThingPalette_Cocoa.xib */ = {
			isa = PBXVariantGroup;
			children = (
				03DC35C21FA1D04800DB9A7A /* en */,
			);
			name = ThingPalette_Cocoa.xib;
			sourceTree = "<group>";
		};
		03DC35C31FA1D04800DB9A7A /* Remapper_Cocoa.xib */ = {
			isa = PBXVariantGroup;
			children = (
				03DC35C41FA1D04800DB9A7A /* en */,
			);
			name = Remapper_Cocoa.xib;
			sourceTree = "<group>";
		};
		03DC35C51FA1D04800DB9A7A /* FindLine_Cocoa.xib */ = {
			isa = PBXVariantGroup;
			children = (
				03DC35C61FA1D04800DB9A7A /* en */,
			);
			name = FindLine_Cocoa.xib;
			sourceTree = "<group>";
		};
		03DC35C91FA1D04800DB9A7A /* Project_Cocoa.xib */ = {
			isa = PBXVariantGroup;
			children = (
				03DC35CA1FA1D04800DB9A7A /* en */,
			);
			name = Project_Cocoa.xib;
			sourceTree = "<group>";
		};
		03DC35CB1FA1D04800DB9A7A /* preferences_Cocoa.xib */ = {
			isa = PBXVariantGroup;
			children = (
				03DC35CC1FA1D04800DB9A7A /* en */,
			);
			name = preferences_Cocoa.xib;
			sourceTree = "<group>";
		};
		03DC35CD1FA1D04800DB9A7A /* DoomEd_Cocoa.xib */ = {
			isa = PBXVariantGroup;
			children = (
				03DC35CE1FA1D04800DB9A7A /* en */,
			);
			name = DoomEd_Cocoa.xib;
			sourceTree = "<group>";
		};
		03DC35CF1FA1D04800DB9A7A /* SectorEditor_Cocoa.xib */ = {
			isa = PBXVariantGroup;
			children = (
				03DC35D01FA1D04900DB9A7A /* en */,
			);
			name = SectorEditor_Cocoa.xib;
			sourceTree = "<group>";
		};
		03DC35D11FA1D04900DB9A7A /* TextLog_Cocoa.xib */ = {
			isa = PBXVariantGroup;
			children = (
				03DC35D21FA1D04900DB9A7A /* en */,
			);
			name = TextLog_Cocoa.xib;
			sourceTree = "<group>";
		};
		03DC35D31FA1D04900DB9A7A /* TextureEdit_Cocoa.xib */ = {
			isa = PBXVariantGroup;
			children = (
				03DC35D41FA1D04900DB9A7A /* en */,
			);
			name = TextureEdit_Cocoa.xib;
			sourceTree = "<group>";
		};
		55C41DC523F08767000FB967 /* Localizable.strings */ = {
			isa = PBXVariantGroup;
			children = (
				55C41DC423F08767000FB967 /* en */,
			);
			name = Localizable.strings;
			sourceTree = "<group>";
		};
/* End PBXVariantGroup section */

/* Begin XCBuildConfiguration section */
		C01FCF4B08A954540054247B /* Debug */ = {
			isa = XCBuildConfiguration;
			buildSettings = {
				ALWAYS_SEARCH_USER_PATHS = NO;
				CLANG_ENABLE_MODULES = YES;
				CLANG_ENABLE_OBJC_WEAK = YES;
				COPY_PHASE_STRIP = NO;
				GCC_DYNAMIC_NO_PIC = NO;
				GCC_MODEL_TUNING = G5;
				GCC_OPTIMIZATION_LEVEL = 0;
				GCC_PRECOMPILE_PREFIX_HEADER = YES;
				GCC_PREFIX_HEADER = ReDoomEd_Prefix.pch;
				INFOPLIST_FILE = Info.plist;
				INSTALL_PATH = "$(HOME)/Applications";
				LD_RUNPATH_SEARCH_PATHS = "$(inherited) @executable_path/../Frameworks";
				PRODUCT_BUNDLE_IDENTIFIER = com.twilightedge.ReDoomEd;
				PRODUCT_NAME = ReDoomEd;
				SWIFT_OBJC_BRIDGING_HEADER = "ReDoomEd-Bridging-Header.h";
				SWIFT_OPTIMIZATION_LEVEL = "-Onone";
				SWIFT_VERSION = 5.0;
				ZERO_LINK = NO;
			};
			name = Debug;
		};
		C01FCF4C08A954540054247B /* Release */ = {
			isa = XCBuildConfiguration;
			buildSettings = {
				ALWAYS_SEARCH_USER_PATHS = NO;
				CLANG_ENABLE_MODULES = YES;
				CLANG_ENABLE_OBJC_WEAK = YES;
				DEBUG_INFORMATION_FORMAT = "dwarf-with-dsym";
				GCC_GENERATE_DEBUGGING_SYMBOLS = NO;
				GCC_MODEL_TUNING = G5;
				GCC_PRECOMPILE_PREFIX_HEADER = YES;
				GCC_PREFIX_HEADER = ReDoomEd_Prefix.pch;
				INFOPLIST_FILE = Info.plist;
				INSTALL_PATH = "$(HOME)/Applications";
				LD_RUNPATH_SEARCH_PATHS = "$(inherited) @executable_path/../Frameworks";
				PRODUCT_BUNDLE_IDENTIFIER = com.twilightedge.ReDoomEd;
				PRODUCT_NAME = ReDoomEd;
				SWIFT_OBJC_BRIDGING_HEADER = "ReDoomEd-Bridging-Header.h";
				SWIFT_VERSION = 5.0;
				ZERO_LINK = NO;
			};
			name = Release;
		};
		C01FCF4F08A954540054247B /* Debug */ = {
			isa = XCBuildConfiguration;
			baseConfigurationReference = 0326E018219C9A0600296897 /* RDEXCConfig_10.14sdk.xcconfig */;
			buildSettings = {
				CLANG_ANALYZER_LOCALIZABILITY_NONLOCALIZED = YES;
				CLANG_WARN_BLOCK_CAPTURE_AUTORELEASING = YES;
				CLANG_WARN_BOOL_CONVERSION = YES;
				CLANG_WARN_COMMA = YES;
				CLANG_WARN_CONSTANT_CONVERSION = YES;
				CLANG_WARN_DEPRECATED_OBJC_IMPLEMENTATIONS = YES;
				CLANG_WARN_EMPTY_BODY = YES;
				CLANG_WARN_ENUM_CONVERSION = YES;
				CLANG_WARN_INFINITE_RECURSION = YES;
				CLANG_WARN_INT_CONVERSION = YES;
				CLANG_WARN_NON_LITERAL_NULL_CONVERSION = YES;
				CLANG_WARN_OBJC_IMPLICIT_RETAIN_SELF = YES;
				CLANG_WARN_OBJC_LITERAL_CONVERSION = YES;
				CLANG_WARN_RANGE_LOOP_ANALYSIS = YES;
				CLANG_WARN_STRICT_PROTOTYPES = YES;
				CLANG_WARN_SUSPICIOUS_MOVE = YES;
				CLANG_WARN_UNREACHABLE_CODE = YES;
				CLANG_WARN__DUPLICATE_METHOD_MATCH = YES;
				ENABLE_STRICT_OBJC_MSGSEND = YES;
				ENABLE_TESTABILITY = YES;
				GCC_C_LANGUAGE_STANDARD = c99;
				GCC_NO_COMMON_BLOCKS = YES;
				GCC_OPTIMIZATION_LEVEL = 0;
				GCC_PRECOMPILE_PREFIX_HEADER = YES;
				GCC_PREFIX_HEADER = ReDoomEd_Prefix.pch;
				GCC_WARN_64_TO_32_BIT_CONVERSION = YES;
				GCC_WARN_ABOUT_RETURN_TYPE = YES;
				GCC_WARN_UNDECLARED_SELECTOR = YES;
				GCC_WARN_UNINITIALIZED_AUTOS = YES;
				GCC_WARN_UNUSED_FUNCTION = YES;
				GCC_WARN_UNUSED_VARIABLE = YES;
				ONLY_ACTIVE_ARCH = YES;
			};
			name = Debug;
		};
		C01FCF5008A954540054247B /* Release */ = {
			isa = XCBuildConfiguration;
			baseConfigurationReference = 0326E018219C9A0600296897 /* RDEXCConfig_10.14sdk.xcconfig */;
			buildSettings = {
				CLANG_ANALYZER_LOCALIZABILITY_NONLOCALIZED = YES;
				CLANG_WARN_BLOCK_CAPTURE_AUTORELEASING = YES;
				CLANG_WARN_BOOL_CONVERSION = YES;
				CLANG_WARN_COMMA = YES;
				CLANG_WARN_CONSTANT_CONVERSION = YES;
				CLANG_WARN_DEPRECATED_OBJC_IMPLEMENTATIONS = YES;
				CLANG_WARN_EMPTY_BODY = YES;
				CLANG_WARN_ENUM_CONVERSION = YES;
				CLANG_WARN_INFINITE_RECURSION = YES;
				CLANG_WARN_INT_CONVERSION = YES;
				CLANG_WARN_NON_LITERAL_NULL_CONVERSION = YES;
				CLANG_WARN_OBJC_IMPLICIT_RETAIN_SELF = YES;
				CLANG_WARN_OBJC_LITERAL_CONVERSION = YES;
				CLANG_WARN_RANGE_LOOP_ANALYSIS = YES;
				CLANG_WARN_STRICT_PROTOTYPES = YES;
				CLANG_WARN_SUSPICIOUS_MOVE = YES;
				CLANG_WARN_UNREACHABLE_CODE = YES;
				CLANG_WARN__DUPLICATE_METHOD_MATCH = YES;
				ENABLE_STRICT_OBJC_MSGSEND = YES;
				GCC_C_LANGUAGE_STANDARD = c99;
				GCC_NO_COMMON_BLOCKS = YES;
				GCC_PRECOMPILE_PREFIX_HEADER = YES;
				GCC_PREFIX_HEADER = ReDoomEd_Prefix.pch;
				GCC_WARN_64_TO_32_BIT_CONVERSION = YES;
				GCC_WARN_ABOUT_RETURN_TYPE = YES;
				GCC_WARN_UNDECLARED_SELECTOR = YES;
				GCC_WARN_UNINITIALIZED_AUTOS = YES;
				GCC_WARN_UNUSED_FUNCTION = YES;
				GCC_WARN_UNUSED_VARIABLE = YES;
			};
			name = Release;
		};
/* End XCBuildConfiguration section */

/* Begin XCConfigurationList section */
		C01FCF4A08A954540054247B /* Build configuration list for PBXNativeTarget "ReDoomEd" */ = {
			isa = XCConfigurationList;
			buildConfigurations = (
				C01FCF4B08A954540054247B /* Debug */,
				C01FCF4C08A954540054247B /* Release */,
			);
			defaultConfigurationIsVisible = 0;
			defaultConfigurationName = Release;
		};
		C01FCF4E08A954540054247B /* Build configuration list for PBXProject "ReDoomEd" */ = {
			isa = XCConfigurationList;
			buildConfigurations = (
				C01FCF4F08A954540054247B /* Debug */,
				C01FCF5008A954540054247B /* Release */,
			);
			defaultConfigurationIsVisible = 0;
			defaultConfigurationName = Release;
		};
/* End XCConfigurationList section */
	};
	rootObject = 29B97313FDCFA39411CA2CEA /* Project object */;
}
